
Microsoft Visual Studio Solution File, Format Version 12.00
# Visual Studio Version 17
VisualStudioVersion = 17.5.33502.453
MinimumVisualStudioVersion = 10.0.40219.1
Project("{8BC9CEB8-8B4A-11D0-8D11-00A0C91BC942}") = "MyFirstProj", "MyFirstProj\MyFirstProj.vcxproj", "{AC041E48-26EF-4CCF-8894-37A863877E39}"
EndProject
Project("{8BC9CEB8-8B4A-11D0-8D11-00A0C91BC942}") = "MySecondPrj", "MySecondPrj\MySecondPrj.vcxproj", "{09011613-0466-4217-A4F9-43EDBE46DF10}"
EndProject
Project("{8BC9CEB8-8B4A-11D0-8D11-00A0C91BC942}") = "MyThirdPrj", "MyThirdPrj\MyThirdPrj.vcxproj", "{42FF89E6-B22F-4EE8-A0AF-35CD55DB6342}"
EndProject
Project("{8BC9CEB8-8B4A-11D0-8D11-00A0C91BC942}") = "Lecture02", "Lecture02\Lecture02.vcxproj", "{925ACC6D-4F93-4AFE-AAF9-ADB5EEF42F7B}"
EndProject
Project("{8BC9CEB8-8B4A-11D0-8D11-00A0C91BC942}") = "Lecture09", "Lecture09\Lecture09.vcxproj", "{B5565F5C-F9E5-4F57-898F-DA654ADAA86C}"
EndProject
Project("{8BC9CEB8-8B4A-11D0-8D11-00A0C91BC942}") = "Lecture12", "Lecture12\Lecture12.vcxproj", "{598F8E98-3A1A-4C82-93CB-DF0716434D9C}"
EndProject
Global
	GlobalSection(SolutionConfigurationPlatforms) = preSolution
		Debug|x64 = Debug|x64
		Debug|x86 = Debug|x86
		Release|x64 = Release|x64
		Release|x86 = Release|x86
	EndGlobalSection
	GlobalSection(ProjectConfigurationPlatforms) = postSolution
		{AC041E48-26EF-4CCF-8894-37A863877E39}.Debug|x64.ActiveCfg = Debug|x64
		{AC041E48-26EF-4CCF-8894-37A863877E39}.Debug|x64.Build.0 = Debug|x64
		{AC041E48-26EF-4CCF-8894-37A863877E39}.Debug|x86.ActiveCfg = Debug|Win32
		{AC041E48-26EF-4CCF-8894-37A863877E39}.Debug|x86.Build.0 = Debug|Win32
		{AC041E48-26EF-4CCF-8894-37A863877E39}.Release|x64.ActiveCfg = Release|x64
		{AC041E48-26EF-4CCF-8894-37A863877E39}.Release|x64.Build.0 = Release|x64
		{AC041E48-26EF-4CCF-8894-37A863877E39}.Release|x86.ActiveCfg = Release|Win32
		{AC041E48-26EF-4CCF-8894-37A863877E39}.Release|x86.Build.0 = Release|Win32
		{09011613-0466-4217-A4F9-43EDBE46DF10}.Debug|x64.ActiveCfg = Debug|x64
		{09011613-0466-4217-A4F9-43EDBE46DF10}.Debug|x64.Build.0 = Debug|x64
		{09011613-0466-4217-A4F9-43EDBE46DF10}.Debug|x86.ActiveCfg = Debug|Win32
		{09011613-0466-4217-A4F9-43EDBE46DF10}.Debug|x86.Build.0 = Debug|Win32
		{09011613-0466-4217-A4F9-43EDBE46DF10}.Release|x64.ActiveCfg = Release|x64
		{09011613-0466-4217-A4F9-43EDBE46DF10}.Release|x64.Build.0 = Release|x64
		{09011613-0466-4217-A4F9-43EDBE46DF10}.Release|x86.ActiveCfg = Release|Win32
		{09011613-0466-4217-A4F9-43EDBE46DF10}.Release|x86.Build.0 = Release|Win32
		{42FF89E6-B22F-4EE8-A0AF-35CD55DB6342}.Debug|x64.ActiveCfg = Debug|x64
		{42FF89E6-B22F-4EE8-A0AF-35CD55DB6342}.Debug|x64.Build.0 = Debug|x64
		{42FF89E6-B22F-4EE8-A0AF-35CD55DB6342}.Debug|x86.ActiveCfg = Debug|Win32
		{42FF89E6-B22F-4EE8-A0AF-35CD55DB6342}.Debug|x86.Build.0 = Debug|Win32
		{42FF89E6-B22F-4EE8-A0AF-35CD55DB6342}.Release|x64.ActiveCfg = Release|x64
		{42FF89E6-B22F-4EE8-A0AF-35CD55DB6342}.Release|x64.Build.0 = Release|x64
		{42FF89E6-B22F-4EE8-A0AF-35CD55DB6342}.Release|x86.ActiveCfg = Release|Win32
		{42FF89E6-B22F-4EE8-A0AF-35CD55DB6342}.Release|x86.Build.0 = Release|Win32
		{925ACC6D-4F93-4AFE-AAF9-ADB5EEF42F7B}.Debug|x64.ActiveCfg = Debug|x64
		{925ACC6D-4F93-4AFE-AAF9-ADB5EEF42F7B}.Debug|x64.Build.0 = Debug|x64
		{925ACC6D-4F93-4AFE-AAF9-ADB5EEF42F7B}.Debug|x86.ActiveCfg = Debug|Win32
		{925ACC6D-4F93-4AFE-AAF9-ADB5EEF42F7B}.Debug|x86.Build.0 = Debug|Win32
		{925ACC6D-4F93-4AFE-AAF9-ADB5EEF42F7B}.Release|x64.ActiveCfg = Release|x64
		{925ACC6D-4F93-4AFE-AAF9-ADB5EEF42F7B}.Release|x64.Build.0 = Release|x64
		{925ACC6D-4F93-4AFE-AAF9-ADB5EEF42F7B}.Release|x86.ActiveCfg = Release|Win32
		{925ACC6D-4F93-4AFE-AAF9-ADB5EEF42F7B}.Release|x86.Build.0 = Release|Win32
		{B5565F5C-F9E5-4F57-898F-DA654ADAA86C}.Debug|x64.ActiveCfg = Debug|x64
		{B5565F5C-F9E5-4F57-898F-DA654ADAA86C}.Debug|x64.Build.0 = Debug|x64
		{B5565F5C-F9E5-4F57-898F-DA654ADAA86C}.Debug|x86.ActiveCfg = Debug|Win32
		{B5565F5C-F9E5-4F57-898F-DA654ADAA86C}.Debug|x86.Build.0 = Debug|Win32
		{B5565F5C-F9E5-4F57-898F-DA654ADAA86C}.Release|x64.ActiveCfg = Release|x64
		{B5565F5C-F9E5-4F57-898F-DA654ADAA86C}.Release|x64.Build.0 = Release|x64
		{B5565F5C-F9E5-4F57-898F-DA654ADAA86C}.Release|x86.ActiveCfg = Release|Win32
		{B5565F5C-F9E5-4F57-898F-DA654ADAA86C}.Release|x86.Build.0 = Release|Win32
		{598F8E98-3A1A-4C82-93CB-DF0716434D9C}.Debug|x64.ActiveCfg = Debug|x64
		{598F8E98-3A1A-4C82-93CB-DF0716434D9C}.Debug|x64.Build.0 = Debug|x64
		{598F8E98-3A1A-4C82-93CB-DF0716434D9C}.Debug|x86.ActiveCfg = Debug|Win32
		{598F8E98-3A1A-4C82-93CB-DF0716434D9C}.Debug|x86.Build.0 = Debug|Win32
		{598F8E98-3A1A-4C82-93CB-DF0716434D9C}.Release|x64.ActiveCfg = Release|x64
		{598F8E98-3A1A-4C82-93CB-DF0716434D9C}.Release|x64.Build.0 = Release|x64
		{598F8E98-3A1A-4C82-93CB-DF0716434D9C}.Release|x86.ActiveCfg = Release|Win32
		{598F8E98-3A1A-4C82-93CB-DF0716434D9C}.Release|x86.Build.0 = Release|Win32
	EndGlobalSection
	GlobalSection(SolutionProperties) = preSolution
		HideSolutionNode = FALSE
	EndGlobalSection
	GlobalSection(ExtensibilityGlobals) = postSolution
		SolutionGuid = {3D3B35DA-2764-40E7-88DC-89DFB6162D4C}
	EndGlobalSection
EndGlobal
