
Microsoft Visual Studio Solution File, Format Version 12.00
# Visual Studio Version 17
VisualStudioVersion = 17.5.33502.453
MinimumVisualStudioVersion = 10.0.40219.1
Project("{8BC9CEB8-8B4A-11D0-8D11-00A0C91BC942}") = "MyFirstProj", "MyFirstProj\MyFirstProj.vcxproj", "{AC041E48-26EF-4CCF-8894-37A863877E39}"
EndProject
Project("{8BC9CEB8-8B4A-11D0-8D11-00A0C91BC942}") = "MySecondPrj", "MySecondPrj\MySecondPrj.vcxproj", "{09011613-0466-4217-A4F9-43EDBE46DF10}"
EndProject
Project("{8BC9CEB8-8B4A-11D0-8D11-00A0C91BC942}") = "MyThirdPrj", "MyThirdPrj\MyThirdPrj.vcxproj", "{42FF89E6-B22F-4EE8-A0AF-35CD55DB6342}"
EndProject
Project("{8BC9CEB8-8B4A-11D0-8D11-00A0C91BC942}") = "Lecture02", "Lecture02\Lecture02.vcxproj", "{925ACC6D-4F93-4AFE-AAF9-ADB5EEF42F7B}"
EndProject
Project("{8BC9CEB8-8B4A-11D0-8D11-00A0C91BC942}") = "Lecture09", "Lecture09\Lecture09.vcxproj", "{B5565F5C-F9E5-4F57-898F-DA654ADAA86C}"
EndProject
Project("{8BC9CEB8-8B4A-11D0-8D11-00A0C91BC942}") = "Lecture12", "Lecture12\Lecture12.vcxproj", "{598F8E98-3A1A-4C82-93CB-DF0716434D9C}"
EndProject
Project("{8BC9CEB8-8B4A-11D0-8D11-00A0C91BC942}") = "Lecture13", "Lecture13\Lecture13.vcxproj", "{14821774-F02B-4817-924A-ECBAED2A5437}"
EndProject
Project("{8BC9CEB8-8B4A-11D0-8D11-00A0C91BC942}") = "Lecture14", "Lecture14\Lecture14.vcxproj", "{EDB2557F-FD8C-4D1D-87FA-EF1ADA3D39A8}"
EndProject
Project("{8BC9CEB8-8B4A-11D0-8D11-00A0C91BC942}") = "Lecture04-01", "Lecture04-01\Lecture04-01.vcxproj", "{C9BF379A-D9C5-4C41-8508-31EA559D76C0}"
EndProject
Project("{8BC9CEB8-8B4A-11D0-8D11-00A0C91BC942}") = "Lecture04-02", "Lecture04-02\Lecture04-02.vcxproj", "{70B02098-9B79-43EE-8E9C-52558DC719EF}"
EndProject
Project("{8BC9CEB8-8B4A-11D0-8D11-00A0C91BC942}") = "Lecture04-03a", "Lecture04-03a\Lecture04-03a.vcxproj", "{F74DEE0E-F012-452C-9792-74067F6723CA}"
EndProject
Project("{8BC9CEB8-8B4A-11D0-8D11-00A0C91BC942}") = "Lecture04-04", "Lecture04-04\Lecture04-04.vcxproj", "{A48B7A76-4A57-428F-BE55-0D7A66D91010}"
EndProject
Project("{8BC9CEB8-8B4A-11D0-8D11-00A0C91BC942}") = "Lecture04-05", "Lecture04-05\Lecture04-05.vcxproj", "{9B76E5A5-4202-403A-9A80-95DBF8FD0AEE}"
EndProject
Project("{8BC9CEB8-8B4A-11D0-8D11-00A0C91BC942}") = "Lecture04-07", "Lwcture04-07\Lwcture04-07.vcxproj", "{3BB6DA70-ABE3-47DE-9B0D-0CE7F5D90B08}"
EndProject
Project("{8BC9CEB8-8B4A-11D0-8D11-00A0C91BC942}") = "Lecture04-08", "Lecture04-08\Lecture04-08.vcxproj", "{B4A62C93-0BAE-48B9-9D10-85640CC29E5E}"
EndProject
Project("{8BC9CEB8-8B4A-11D0-8D11-00A0C91BC942}") = "Lecture04-09", "Lecture04-09\Lecture04-09.vcxproj", "{571BCB75-D91D-483D-A8A6-32CE9B3C25D5}"
EndProject
Project("{8BC9CEB8-8B4A-11D0-8D11-00A0C91BC942}") = "Lecture04-10", "Lecture04-10\Lecture04-10.vcxproj", "{DA92CA1A-9890-44D5-A29A-1220354F432C}"
EndProject
Project("{8BC9CEB8-8B4A-11D0-8D11-00A0C91BC942}") = "Lecture05-01", "Lecture05-01\Lecture05-01.vcxproj", "{C25B1AB0-728A-4FA6-BED9-435AB5A613D0}"
EndProject
Project("{8BC9CEB8-8B4A-11D0-8D11-00A0C91BC942}") = "Lecture05-03", "Lecture05-03\Lecture05-03.vcxproj", "{F7331C69-6167-419F-9DB7-778C21B69E96}"
EndProject
Project("{8BC9CEB8-8B4A-11D0-8D11-00A0C91BC942}") = "Lecture05-04", "Lecture05-04\Lecture05-04.vcxproj", "{1EAC7DEB-6926-4A48-A919-C3E8DF24D051}"
EndProject
Project("{8BC9CEB8-8B4A-11D0-8D11-00A0C91BC942}") = "Lecture05-05", "Lecture05-05\Lecture05-05.vcxproj", "{72B6588D-22DE-4427-9A09-C7A25DD37A6E}"
EndProject
Project("{8BC9CEB8-8B4A-11D0-8D11-00A0C91BC942}") = "Lecture05-06", "Lecture05-06\Lecture05-06.vcxproj", "{4648DBA9-EC15-46AC-8939-21BCCA22F0FC}"
EndProject
Project("{8BC9CEB8-8B4A-11D0-8D11-00A0C91BC942}") = "Lecture05-11", "Lecture05-11\Lecture05-11.vcxproj", "{7369EAA6-0D12-4240-9BBA-49F3B39B8DC6}"
EndProject
Project("{8BC9CEB8-8B4A-11D0-8D11-00A0C91BC942}") = "Lecture05-12", "Lecture05-12\Lecture05-12.vcxproj", "{DA923AC8-73B7-43E7-912C-D1D4CAAC1213}"
EndProject
Global
	GlobalSection(SolutionConfigurationPlatforms) = preSolution
		Debug|x64 = Debug|x64
		Debug|x86 = Debug|x86
		Release|x64 = Release|x64
		Release|x86 = Release|x86
	EndGlobalSection
	GlobalSection(ProjectConfigurationPlatforms) = postSolution
		{AC041E48-26EF-4CCF-8894-37A863877E39}.Debug|x64.ActiveCfg = Debug|x64
		{AC041E48-26EF-4CCF-8894-37A863877E39}.Debug|x64.Build.0 = Debug|x64
		{AC041E48-26EF-4CCF-8894-37A863877E39}.Debug|x86.ActiveCfg = Debug|Win32
		{AC041E48-26EF-4CCF-8894-37A863877E39}.Debug|x86.Build.0 = Debug|Win32
		{AC041E48-26EF-4CCF-8894-37A863877E39}.Release|x64.ActiveCfg = Release|x64
		{AC041E48-26EF-4CCF-8894-37A863877E39}.Release|x64.Build.0 = Release|x64
		{AC041E48-26EF-4CCF-8894-37A863877E39}.Release|x86.ActiveCfg = Release|Win32
		{AC041E48-26EF-4CCF-8894-37A863877E39}.Release|x86.Build.0 = Release|Win32
		{09011613-0466-4217-A4F9-43EDBE46DF10}.Debug|x64.ActiveCfg = Debug|x64
		{09011613-0466-4217-A4F9-43EDBE46DF10}.Debug|x64.Build.0 = Debug|x64
		{09011613-0466-4217-A4F9-43EDBE46DF10}.Debug|x86.ActiveCfg = Debug|Win32
		{09011613-0466-4217-A4F9-43EDBE46DF10}.Debug|x86.Build.0 = Debug|Win32
		{09011613-0466-4217-A4F9-43EDBE46DF10}.Release|x64.ActiveCfg = Release|x64
		{09011613-0466-4217-A4F9-43EDBE46DF10}.Release|x64.Build.0 = Release|x64
		{09011613-0466-4217-A4F9-43EDBE46DF10}.Release|x86.ActiveCfg = Release|Win32
		{09011613-0466-4217-A4F9-43EDBE46DF10}.Release|x86.Build.0 = Release|Win32
		{42FF89E6-B22F-4EE8-A0AF-35CD55DB6342}.Debug|x64.ActiveCfg = Debug|x64
		{42FF89E6-B22F-4EE8-A0AF-35CD55DB6342}.Debug|x64.Build.0 = Debug|x64
		{42FF89E6-B22F-4EE8-A0AF-35CD55DB6342}.Debug|x86.ActiveCfg = Debug|Win32
		{42FF89E6-B22F-4EE8-A0AF-35CD55DB6342}.Debug|x86.Build.0 = Debug|Win32
		{42FF89E6-B22F-4EE8-A0AF-35CD55DB6342}.Release|x64.ActiveCfg = Release|x64
		{42FF89E6-B22F-4EE8-A0AF-35CD55DB6342}.Release|x64.Build.0 = Release|x64
		{42FF89E6-B22F-4EE8-A0AF-35CD55DB6342}.Release|x86.ActiveCfg = Release|Win32
		{42FF89E6-B22F-4EE8-A0AF-35CD55DB6342}.Release|x86.Build.0 = Release|Win32
		{925ACC6D-4F93-4AFE-AAF9-ADB5EEF42F7B}.Debug|x64.ActiveCfg = Debug|x64
		{925ACC6D-4F93-4AFE-AAF9-ADB5EEF42F7B}.Debug|x64.Build.0 = Debug|x64
		{925ACC6D-4F93-4AFE-AAF9-ADB5EEF42F7B}.Debug|x86.ActiveCfg = Debug|Win32
		{925ACC6D-4F93-4AFE-AAF9-ADB5EEF42F7B}.Debug|x86.Build.0 = Debug|Win32
		{925ACC6D-4F93-4AFE-AAF9-ADB5EEF42F7B}.Release|x64.ActiveCfg = Release|x64
		{925ACC6D-4F93-4AFE-AAF9-ADB5EEF42F7B}.Release|x64.Build.0 = Release|x64
		{925ACC6D-4F93-4AFE-AAF9-ADB5EEF42F7B}.Release|x86.ActiveCfg = Release|Win32
		{925ACC6D-4F93-4AFE-AAF9-ADB5EEF42F7B}.Release|x86.Build.0 = Release|Win32
		{B5565F5C-F9E5-4F57-898F-DA654ADAA86C}.Debug|x64.ActiveCfg = Debug|x64
		{B5565F5C-F9E5-4F57-898F-DA654ADAA86C}.Debug|x64.Build.0 = Debug|x64
		{B5565F5C-F9E5-4F57-898F-DA654ADAA86C}.Debug|x86.ActiveCfg = Debug|Win32
		{B5565F5C-F9E5-4F57-898F-DA654ADAA86C}.Debug|x86.Build.0 = Debug|Win32
		{B5565F5C-F9E5-4F57-898F-DA654ADAA86C}.Release|x64.ActiveCfg = Release|x64
		{B5565F5C-F9E5-4F57-898F-DA654ADAA86C}.Release|x64.Build.0 = Release|x64
		{B5565F5C-F9E5-4F57-898F-DA654ADAA86C}.Release|x86.ActiveCfg = Release|Win32
		{B5565F5C-F9E5-4F57-898F-DA654ADAA86C}.Release|x86.Build.0 = Release|Win32
		{598F8E98-3A1A-4C82-93CB-DF0716434D9C}.Debug|x64.ActiveCfg = Debug|x64
		{598F8E98-3A1A-4C82-93CB-DF0716434D9C}.Debug|x64.Build.0 = Debug|x64
		{598F8E98-3A1A-4C82-93CB-DF0716434D9C}.Debug|x86.ActiveCfg = Debug|Win32
		{598F8E98-3A1A-4C82-93CB-DF0716434D9C}.Debug|x86.Build.0 = Debug|Win32
		{598F8E98-3A1A-4C82-93CB-DF0716434D9C}.Release|x64.ActiveCfg = Release|x64
		{598F8E98-3A1A-4C82-93CB-DF0716434D9C}.Release|x64.Build.0 = Release|x64
		{598F8E98-3A1A-4C82-93CB-DF0716434D9C}.Release|x86.ActiveCfg = Release|Win32
		{598F8E98-3A1A-4C82-93CB-DF0716434D9C}.Release|x86.Build.0 = Release|Win32
		{14821774-F02B-4817-924A-ECBAED2A5437}.Debug|x64.ActiveCfg = Debug|x64
		{14821774-F02B-4817-924A-ECBAED2A5437}.Debug|x64.Build.0 = Debug|x64
		{14821774-F02B-4817-924A-ECBAED2A5437}.Debug|x86.ActiveCfg = Debug|Win32
		{14821774-F02B-4817-924A-ECBAED2A5437}.Debug|x86.Build.0 = Debug|Win32
		{14821774-F02B-4817-924A-ECBAED2A5437}.Release|x64.ActiveCfg = Release|x64
		{14821774-F02B-4817-924A-ECBAED2A5437}.Release|x64.Build.0 = Release|x64
		{14821774-F02B-4817-924A-ECBAED2A5437}.Release|x86.ActiveCfg = Release|Win32
		{14821774-F02B-4817-924A-ECBAED2A5437}.Release|x86.Build.0 = Release|Win32
		{EDB2557F-FD8C-4D1D-87FA-EF1ADA3D39A8}.Debug|x64.ActiveCfg = Debug|x64
		{EDB2557F-FD8C-4D1D-87FA-EF1ADA3D39A8}.Debug|x64.Build.0 = Debug|x64
		{EDB2557F-FD8C-4D1D-87FA-EF1ADA3D39A8}.Debug|x86.ActiveCfg = Debug|Win32
		{EDB2557F-FD8C-4D1D-87FA-EF1ADA3D39A8}.Debug|x86.Build.0 = Debug|Win32
		{EDB2557F-FD8C-4D1D-87FA-EF1ADA3D39A8}.Release|x64.ActiveCfg = Release|x64
		{EDB2557F-FD8C-4D1D-87FA-EF1ADA3D39A8}.Release|x64.Build.0 = Release|x64
		{EDB2557F-FD8C-4D1D-87FA-EF1ADA3D39A8}.Release|x86.ActiveCfg = Release|Win32
		{EDB2557F-FD8C-4D1D-87FA-EF1ADA3D39A8}.Release|x86.Build.0 = Release|Win32
		{C9BF379A-D9C5-4C41-8508-31EA559D76C0}.Debug|x64.ActiveCfg = Debug|x64
		{C9BF379A-D9C5-4C41-8508-31EA559D76C0}.Debug|x64.Build.0 = Debug|x64
		{C9BF379A-D9C5-4C41-8508-31EA559D76C0}.Debug|x86.ActiveCfg = Debug|Win32
		{C9BF379A-D9C5-4C41-8508-31EA559D76C0}.Debug|x86.Build.0 = Debug|Win32
		{C9BF379A-D9C5-4C41-8508-31EA559D76C0}.Release|x64.ActiveCfg = Release|x64
		{C9BF379A-D9C5-4C41-8508-31EA559D76C0}.Release|x64.Build.0 = Release|x64
		{C9BF379A-D9C5-4C41-8508-31EA559D76C0}.Release|x86.ActiveCfg = Release|Win32
		{C9BF379A-D9C5-4C41-8508-31EA559D76C0}.Release|x86.Build.0 = Release|Win32
		{70B02098-9B79-43EE-8E9C-52558DC719EF}.Debug|x64.ActiveCfg = Debug|x64
		{70B02098-9B79-43EE-8E9C-52558DC719EF}.Debug|x64.Build.0 = Debug|x64
		{70B02098-9B79-43EE-8E9C-52558DC719EF}.Debug|x86.ActiveCfg = Debug|Win32
		{70B02098-9B79-43EE-8E9C-52558DC719EF}.Debug|x86.Build.0 = Debug|Win32
		{70B02098-9B79-43EE-8E9C-52558DC719EF}.Release|x64.ActiveCfg = Release|x64
		{70B02098-9B79-43EE-8E9C-52558DC719EF}.Release|x64.Build.0 = Release|x64
		{70B02098-9B79-43EE-8E9C-52558DC719EF}.Release|x86.ActiveCfg = Release|Win32
		{70B02098-9B79-43EE-8E9C-52558DC719EF}.Release|x86.Build.0 = Release|Win32
		{F74DEE0E-F012-452C-9792-74067F6723CA}.Debug|x64.ActiveCfg = Debug|x64
		{F74DEE0E-F012-452C-9792-74067F6723CA}.Debug|x64.Build.0 = Debug|x64
		{F74DEE0E-F012-452C-9792-74067F6723CA}.Debug|x86.ActiveCfg = Debug|Win32
		{F74DEE0E-F012-452C-9792-74067F6723CA}.Debug|x86.Build.0 = Debug|Win32
		{F74DEE0E-F012-452C-9792-74067F6723CA}.Release|x64.ActiveCfg = Release|x64
		{F74DEE0E-F012-452C-9792-74067F6723CA}.Release|x64.Build.0 = Release|x64
		{F74DEE0E-F012-452C-9792-74067F6723CA}.Release|x86.ActiveCfg = Release|Win32
		{F74DEE0E-F012-452C-9792-74067F6723CA}.Release|x86.Build.0 = Release|Win32
		{A48B7A76-4A57-428F-BE55-0D7A66D91010}.Debug|x64.ActiveCfg = Debug|x64
		{A48B7A76-4A57-428F-BE55-0D7A66D91010}.Debug|x64.Build.0 = Debug|x64
		{A48B7A76-4A57-428F-BE55-0D7A66D91010}.Debug|x86.ActiveCfg = Debug|Win32
		{A48B7A76-4A57-428F-BE55-0D7A66D91010}.Debug|x86.Build.0 = Debug|Win32
		{A48B7A76-4A57-428F-BE55-0D7A66D91010}.Release|x64.ActiveCfg = Release|x64
		{A48B7A76-4A57-428F-BE55-0D7A66D91010}.Release|x64.Build.0 = Release|x64
		{A48B7A76-4A57-428F-BE55-0D7A66D91010}.Release|x86.ActiveCfg = Release|Win32
		{A48B7A76-4A57-428F-BE55-0D7A66D91010}.Release|x86.Build.0 = Release|Win32
		{9B76E5A5-4202-403A-9A80-95DBF8FD0AEE}.Debug|x64.ActiveCfg = Debug|x64
		{9B76E5A5-4202-403A-9A80-95DBF8FD0AEE}.Debug|x64.Build.0 = Debug|x64
		{9B76E5A5-4202-403A-9A80-95DBF8FD0AEE}.Debug|x86.ActiveCfg = Debug|Win32
		{9B76E5A5-4202-403A-9A80-95DBF8FD0AEE}.Debug|x86.Build.0 = Debug|Win32
		{9B76E5A5-4202-403A-9A80-95DBF8FD0AEE}.Release|x64.ActiveCfg = Release|x64
		{9B76E5A5-4202-403A-9A80-95DBF8FD0AEE}.Release|x64.Build.0 = Release|x64
		{9B76E5A5-4202-403A-9A80-95DBF8FD0AEE}.Release|x86.ActiveCfg = Release|Win32
		{9B76E5A5-4202-403A-9A80-95DBF8FD0AEE}.Release|x86.Build.0 = Release|Win32
		{3BB6DA70-ABE3-47DE-9B0D-0CE7F5D90B08}.Debug|x64.ActiveCfg = Debug|x64
		{3BB6DA70-ABE3-47DE-9B0D-0CE7F5D90B08}.Debug|x64.Build.0 = Debug|x64
		{3BB6DA70-ABE3-47DE-9B0D-0CE7F5D90B08}.Debug|x86.ActiveCfg = Debug|Win32
		{3BB6DA70-ABE3-47DE-9B0D-0CE7F5D90B08}.Debug|x86.Build.0 = Debug|Win32
		{3BB6DA70-ABE3-47DE-9B0D-0CE7F5D90B08}.Release|x64.ActiveCfg = Release|x64
		{3BB6DA70-ABE3-47DE-9B0D-0CE7F5D90B08}.Release|x64.Build.0 = Release|x64
		{3BB6DA70-ABE3-47DE-9B0D-0CE7F5D90B08}.Release|x86.ActiveCfg = Release|Win32
		{3BB6DA70-ABE3-47DE-9B0D-0CE7F5D90B08}.Release|x86.Build.0 = Release|Win32
		{B4A62C93-0BAE-48B9-9D10-85640CC29E5E}.Debug|x64.ActiveCfg = Debug|x64
		{B4A62C93-0BAE-48B9-9D10-85640CC29E5E}.Debug|x64.Build.0 = Debug|x64
		{B4A62C93-0BAE-48B9-9D10-85640CC29E5E}.Debug|x86.ActiveCfg = Debug|Win32
		{B4A62C93-0BAE-48B9-9D10-85640CC29E5E}.Debug|x86.Build.0 = Debug|Win32
		{B4A62C93-0BAE-48B9-9D10-85640CC29E5E}.Release|x64.ActiveCfg = Release|x64
		{B4A62C93-0BAE-48B9-9D10-85640CC29E5E}.Release|x64.Build.0 = Release|x64
		{B4A62C93-0BAE-48B9-9D10-85640CC29E5E}.Release|x86.ActiveCfg = Release|Win32
		{B4A62C93-0BAE-48B9-9D10-85640CC29E5E}.Release|x86.Build.0 = Release|Win32
		{571BCB75-D91D-483D-A8A6-32CE9B3C25D5}.Debug|x64.ActiveCfg = Debug|x64
		{571BCB75-D91D-483D-A8A6-32CE9B3C25D5}.Debug|x64.Build.0 = Debug|x64
		{571BCB75-D91D-483D-A8A6-32CE9B3C25D5}.Debug|x86.ActiveCfg = Debug|Win32
		{571BCB75-D91D-483D-A8A6-32CE9B3C25D5}.Debug|x86.Build.0 = Debug|Win32
		{571BCB75-D91D-483D-A8A6-32CE9B3C25D5}.Release|x64.ActiveCfg = Release|x64
		{571BCB75-D91D-483D-A8A6-32CE9B3C25D5}.Release|x64.Build.0 = Release|x64
		{571BCB75-D91D-483D-A8A6-32CE9B3C25D5}.Release|x86.ActiveCfg = Release|Win32
		{571BCB75-D91D-483D-A8A6-32CE9B3C25D5}.Release|x86.Build.0 = Release|Win32
		{DA92CA1A-9890-44D5-A29A-1220354F432C}.Debug|x64.ActiveCfg = Debug|x64
		{DA92CA1A-9890-44D5-A29A-1220354F432C}.Debug|x64.Build.0 = Debug|x64
		{DA92CA1A-9890-44D5-A29A-1220354F432C}.Debug|x86.ActiveCfg = Debug|Win32
		{DA92CA1A-9890-44D5-A29A-1220354F432C}.Debug|x86.Build.0 = Debug|Win32
		{DA92CA1A-9890-44D5-A29A-1220354F432C}.Release|x64.ActiveCfg = Release|x64
		{DA92CA1A-9890-44D5-A29A-1220354F432C}.Release|x64.Build.0 = Release|x64
		{DA92CA1A-9890-44D5-A29A-1220354F432C}.Release|x86.ActiveCfg = Release|Win32
		{DA92CA1A-9890-44D5-A29A-1220354F432C}.Release|x86.Build.0 = Release|Win32
		{C25B1AB0-728A-4FA6-BED9-435AB5A613D0}.Debug|x64.ActiveCfg = Debug|x64
		{C25B1AB0-728A-4FA6-BED9-435AB5A613D0}.Debug|x64.Build.0 = Debug|x64
		{C25B1AB0-728A-4FA6-BED9-435AB5A613D0}.Debug|x86.ActiveCfg = Debug|Win32
		{C25B1AB0-728A-4FA6-BED9-435AB5A613D0}.Debug|x86.Build.0 = Debug|Win32
		{C25B1AB0-728A-4FA6-BED9-435AB5A613D0}.Release|x64.ActiveCfg = Release|x64
		{C25B1AB0-728A-4FA6-BED9-435AB5A613D0}.Release|x64.Build.0 = Release|x64
		{C25B1AB0-728A-4FA6-BED9-435AB5A613D0}.Release|x86.ActiveCfg = Release|Win32
		{C25B1AB0-728A-4FA6-BED9-435AB5A613D0}.Release|x86.Build.0 = Release|Win32
		{F7331C69-6167-419F-9DB7-778C21B69E96}.Debug|x64.ActiveCfg = Debug|x64
		{F7331C69-6167-419F-9DB7-778C21B69E96}.Debug|x64.Build.0 = Debug|x64
		{F7331C69-6167-419F-9DB7-778C21B69E96}.Debug|x86.ActiveCfg = Debug|Win32
		{F7331C69-6167-419F-9DB7-778C21B69E96}.Debug|x86.Build.0 = Debug|Win32
		{F7331C69-6167-419F-9DB7-778C21B69E96}.Release|x64.ActiveCfg = Release|x64
		{F7331C69-6167-419F-9DB7-778C21B69E96}.Release|x64.Build.0 = Release|x64
		{F7331C69-6167-419F-9DB7-778C21B69E96}.Release|x86.ActiveCfg = Release|Win32
		{F7331C69-6167-419F-9DB7-778C21B69E96}.Release|x86.Build.0 = Release|Win32
		{1EAC7DEB-6926-4A48-A919-C3E8DF24D051}.Debug|x64.ActiveCfg = Debug|x64
		{1EAC7DEB-6926-4A48-A919-C3E8DF24D051}.Debug|x64.Build.0 = Debug|x64
		{1EAC7DEB-6926-4A48-A919-C3E8DF24D051}.Debug|x86.ActiveCfg = Debug|Win32
		{1EAC7DEB-6926-4A48-A919-C3E8DF24D051}.Debug|x86.Build.0 = Debug|Win32
		{1EAC7DEB-6926-4A48-A919-C3E8DF24D051}.Release|x64.ActiveCfg = Release|x64
		{1EAC7DEB-6926-4A48-A919-C3E8DF24D051}.Release|x64.Build.0 = Release|x64
		{1EAC7DEB-6926-4A48-A919-C3E8DF24D051}.Release|x86.ActiveCfg = Release|Win32
		{1EAC7DEB-6926-4A48-A919-C3E8DF24D051}.Release|x86.Build.0 = Release|Win32
		{72B6588D-22DE-4427-9A09-C7A25DD37A6E}.Debug|x64.ActiveCfg = Debug|x64
		{72B6588D-22DE-4427-9A09-C7A25DD37A6E}.Debug|x64.Build.0 = Debug|x64
		{72B6588D-22DE-4427-9A09-C7A25DD37A6E}.Debug|x86.ActiveCfg = Debug|Win32
		{72B6588D-22DE-4427-9A09-C7A25DD37A6E}.Debug|x86.Build.0 = Debug|Win32
		{72B6588D-22DE-4427-9A09-C7A25DD37A6E}.Release|x64.ActiveCfg = Release|x64
		{72B6588D-22DE-4427-9A09-C7A25DD37A6E}.Release|x64.Build.0 = Release|x64
		{72B6588D-22DE-4427-9A09-C7A25DD37A6E}.Release|x86.ActiveCfg = Release|Win32
		{72B6588D-22DE-4427-9A09-C7A25DD37A6E}.Release|x86.Build.0 = Release|Win32
		{4648DBA9-EC15-46AC-8939-21BCCA22F0FC}.Debug|x64.ActiveCfg = Debug|x64
		{4648DBA9-EC15-46AC-8939-21BCCA22F0FC}.Debug|x64.Build.0 = Debug|x64
		{4648DBA9-EC15-46AC-8939-21BCCA22F0FC}.Debug|x86.ActiveCfg = Debug|Win32
		{4648DBA9-EC15-46AC-8939-21BCCA22F0FC}.Debug|x86.Build.0 = Debug|Win32
		{4648DBA9-EC15-46AC-8939-21BCCA22F0FC}.Release|x64.ActiveCfg = Release|x64
		{4648DBA9-EC15-46AC-8939-21BCCA22F0FC}.Release|x64.Build.0 = Release|x64
		{4648DBA9-EC15-46AC-8939-21BCCA22F0FC}.Release|x86.ActiveCfg = Release|Win32
		{4648DBA9-EC15-46AC-8939-21BCCA22F0FC}.Release|x86.Build.0 = Release|Win32
		{7369EAA6-0D12-4240-9BBA-49F3B39B8DC6}.Debug|x64.ActiveCfg = Debug|x64
		{7369EAA6-0D12-4240-9BBA-49F3B39B8DC6}.Debug|x64.Build.0 = Debug|x64
		{7369EAA6-0D12-4240-9BBA-49F3B39B8DC6}.Debug|x86.ActiveCfg = Debug|Win32
		{7369EAA6-0D12-4240-9BBA-49F3B39B8DC6}.Debug|x86.Build.0 = Debug|Win32
		{7369EAA6-0D12-4240-9BBA-49F3B39B8DC6}.Release|x64.ActiveCfg = Release|x64
		{7369EAA6-0D12-4240-9BBA-49F3B39B8DC6}.Release|x64.Build.0 = Release|x64
		{7369EAA6-0D12-4240-9BBA-49F3B39B8DC6}.Release|x86.ActiveCfg = Release|Win32
		{7369EAA6-0D12-4240-9BBA-49F3B39B8DC6}.Release|x86.Build.0 = Release|Win32
		{DA923AC8-73B7-43E7-912C-D1D4CAAC1213}.Debug|x64.ActiveCfg = Debug|x64
		{DA923AC8-73B7-43E7-912C-D1D4CAAC1213}.Debug|x64.Build.0 = Debug|x64
		{DA923AC8-73B7-43E7-912C-D1D4CAAC1213}.Debug|x86.ActiveCfg = Debug|Win32
		{DA923AC8-73B7-43E7-912C-D1D4CAAC1213}.Debug|x86.Build.0 = Debug|Win32
		{DA923AC8-73B7-43E7-912C-D1D4CAAC1213}.Release|x64.ActiveCfg = Release|x64
		{DA923AC8-73B7-43E7-912C-D1D4CAAC1213}.Release|x64.Build.0 = Release|x64
		{DA923AC8-73B7-43E7-912C-D1D4CAAC1213}.Release|x86.ActiveCfg = Release|Win32
		{DA923AC8-73B7-43E7-912C-D1D4CAAC1213}.Release|x86.Build.0 = Release|Win32
	EndGlobalSection
	GlobalSection(SolutionProperties) = preSolution
		HideSolutionNode = FALSE
	EndGlobalSection
	GlobalSection(ExtensibilityGlobals) = postSolution
		SolutionGuid = {3D3B35DA-2764-40E7-88DC-89DFB6162D4C}
	EndGlobalSection
EndGlobal
