
Microsoft Visual Studio Solution File, Format Version 12.00
# Visual Studio Version 17
VisualStudioVersion = 17.5.33502.453
MinimumVisualStudioVersion = 10.0.40219.1
Project("{8BC9CEB8-8B4A-11D0-8D11-00A0C91BC942}") = "MyFirstProj", "MyFirstProj\MyFirstProj.vcxproj", "{AC041E48-26EF-4CCF-8894-37A863877E39}"
EndProject
Project("{8BC9CEB8-8B4A-11D0-8D11-00A0C91BC942}") = "MySecondPrj", "MySecondPrj\MySecondPrj.vcxproj", "{09011613-0466-4217-A4F9-43EDBE46DF10}"
EndProject
Project("{8BC9CEB8-8B4A-11D0-8D11-00A0C91BC942}") = "MyThirdPrj", "MyThirdPrj\MyThirdPrj.vcxproj", "{42FF89E6-B22F-4EE8-A0AF-35CD55DB6342}"
EndProject
Project("{8BC9CEB8-8B4A-11D0-8D11-00A0C91BC942}") = "Lecture02", "Lecture02\Lecture02.vcxproj", "{925ACC6D-4F93-4AFE-AAF9-ADB5EEF42F7B}"
EndProject
Project("{8BC9CEB8-8B4A-11D0-8D11-00A0C91BC942}") = "Lecture09", "Lecture09\Lecture09.vcxproj", "{B5565F5C-F9E5-4F57-898F-DA654ADAA86C}"
EndProject
Project("{8BC9CEB8-8B4A-11D0-8D11-00A0C91BC942}") = "Lecture12", "Lecture12\Lecture12.vcxproj", "{598F8E98-3A1A-4C82-93CB-DF0716434D9C}"
EndProject
Project("{8BC9CEB8-8B4A-11D0-8D11-00A0C91BC942}") = "Lecture13", "Lecture13\Lecture13.vcxproj", "{14821774-F02B-4817-924A-ECBAED2A5437}"
EndProject
Project("{8BC9CEB8-8B4A-11D0-8D11-00A0C91BC942}") = "Lecture14", "Lecture14\Lecture14.vcxproj", "{EDB2557F-FD8C-4D1D-87FA-EF1ADA3D39A8}"
EndProject
Project("{8BC9CEB8-8B4A-11D0-8D11-00A0C91BC942}") = "Lecture04-01", "Lecture04-01\Lecture04-01.vcxproj", "{C9BF379A-D9C5-4C41-8508-31EA559D76C0}"
EndProject
Project("{8BC9CEB8-8B4A-11D0-8D11-00A0C91BC942}") = "Lecture04-02", "Lecture04-02\Lecture04-02.vcxproj", "{70B02098-9B79-43EE-8E9C-52558DC719EF}"
EndProject
Project("{8BC9CEB8-8B4A-11D0-8D11-00A0C91BC942}") = "Lecture04-03a", "Lecture04-03a\Lecture04-03a.vcxproj", "{F74DEE0E-F012-452C-9792-74067F6723CA}"
EndProject
Project("{8BC9CEB8-8B4A-11D0-8D11-00A0C91BC942}") = "Lecture04-04", "Lecture04-04\Lecture04-04.vcxproj", "{A48B7A76-4A57-428F-BE55-0D7A66D91010}"
EndProject
Project("{8BC9CEB8-8B4A-11D0-8D11-00A0C91BC942}") = "Lecture04-05", "Lecture04-05\Lecture04-05.vcxproj", "{9B76E5A5-4202-403A-9A80-95DBF8FD0AEE}"
EndProject
Project("{8BC9CEB8-8B4A-11D0-8D11-00A0C91BC942}") = "Lecture04-07", "Lwcture04-07\Lwcture04-07.vcxproj", "{3BB6DA70-ABE3-47DE-9B0D-0CE7F5D90B08}"
EndProject
Project("{8BC9CEB8-8B4A-11D0-8D11-00A0C91BC942}") = "Lecture04-08", "Lecture04-08\Lecture04-08.vcxproj", "{B4A62C93-0BAE-48B9-9D10-85640CC29E5E}"
EndProject
Project("{8BC9CEB8-8B4A-11D0-8D11-00A0C91BC942}") = "Lecture04-09", "Lecture04-09\Lecture04-09.vcxproj", "{571BCB75-D91D-483D-A8A6-32CE9B3C25D5}"
EndProject
Project("{8BC9CEB8-8B4A-11D0-8D11-00A0C91BC942}") = "Lecture04-10", "Lecture04-10\Lecture04-10.vcxproj", "{DA92CA1A-9890-44D5-A29A-1220354F432C}"
EndProject
Project("{8BC9CEB8-8B4A-11D0-8D11-00A0C91BC942}") = "Lecture05-01", "Lecture05-01\Lecture05-01.vcxproj", "{C25B1AB0-728A-4FA6-BED9-435AB5A613D0}"
EndProject
Project("{8BC9CEB8-8B4A-11D0-8D11-00A0C91BC942}") = "Lecture05-03", "Lecture05-03\Lecture05-03.vcxproj", "{F7331C69-6167-419F-9DB7-778C21B69E96}"
EndProject
Project("{8BC9CEB8-8B4A-11D0-8D11-00A0C91BC942}") = "Lecture05-04", "Lecture05-04\Lecture05-04.vcxproj", "{1EAC7DEB-6926-4A48-A919-C3E8DF24D051}"
EndProject
Project("{8BC9CEB8-8B4A-11D0-8D11-00A0C91BC942}") = "Lecture05-05", "Lecture05-05\Lecture05-05.vcxproj", "{72B6588D-22DE-4427-9A09-C7A25DD37A6E}"
EndProject
Project("{8BC9CEB8-8B4A-11D0-8D11-00A0C91BC942}") = "Lecture05-06", "Lecture05-06\Lecture05-06.vcxproj", "{4648DBA9-EC15-46AC-8939-21BCCA22F0FC}"
EndProject
Project("{8BC9CEB8-8B4A-11D0-8D11-00A0C91BC942}") = "Lecture05-11", "Lecture05-11\Lecture05-11.vcxproj", "{7369EAA6-0D12-4240-9BBA-49F3B39B8DC6}"
EndProject
Project("{8BC9CEB8-8B4A-11D0-8D11-00A0C91BC942}") = "Lecture05-12", "Lecture05-12\Lecture05-12.vcxproj", "{DA923AC8-73B7-43E7-912C-D1D4CAAC1213}"
EndProject
Project("{8BC9CEB8-8B4A-11D0-8D11-00A0C91BC942}") = "Lecture06-01", "Lecture06-01\Lecture06-01.vcxproj", "{AB8A9856-9422-48A5-B051-338E51D2FEF5}"
EndProject
Project("{8BC9CEB8-8B4A-11D0-8D11-00A0C91BC942}") = "Lecture06-07", "Lecture06-07\Lecture06-07.vcxproj", "{F0BE4958-815D-4834-B23A-A94440DD2A35}"
EndProject
Project("{8BC9CEB8-8B4A-11D0-8D11-00A0C91BC942}") = "lecture06-09", "lecture06-09\lecture06-09.vcxproj", "{34CEF65E-3403-4E2E-AF50-E632F290CBB2}"
EndProject
Project("{8BC9CEB8-8B4A-11D0-8D11-00A0C91BC942}") = "lecture06-10", "lecture06-10\lecture06-10.vcxproj", "{AC4D4873-429F-4C7E-A349-76D484134F23}"
EndProject
Project("{8BC9CEB8-8B4A-11D0-8D11-00A0C91BC942}") = "lecture06-15", "lecture06-15\lecture06-15.vcxproj", "{A80729C8-0504-4780-A07C-C3B4EFAE988A}"
EndProject
Project("{8BC9CEB8-8B4A-11D0-8D11-00A0C91BC942}") = "lecture06-16", "lecture06-16\lecture06-16.vcxproj", "{F1320216-12D1-4F74-801C-2522F4883721}"
EndProject
Project("{8BC9CEB8-8B4A-11D0-8D11-00A0C91BC942}") = "lecture07-01", "lecture07-01\lecture07-01.vcxproj", "{87195267-66F6-4B23-AFC2-D43F0B1ECEEF}"
EndProject
Project("{8BC9CEB8-8B4A-11D0-8D11-00A0C91BC942}") = "lecture07-06", "lecture07-06\lecture07-06.vcxproj", "{64AFA8C1-B6F1-47E5-9E37-0490DAE74735}"
EndProject
Project("{8BC9CEB8-8B4A-11D0-8D11-00A0C91BC942}") = "lecture07-07", "lecture07-07\lecture07-07.vcxproj", "{6050058F-4519-41AA-B641-6BB7FB372A3A}"
EndProject
Project("{8BC9CEB8-8B4A-11D0-8D11-00A0C91BC942}") = "lecture07-09", "lecture07-09\lecture07-09.vcxproj", "{FE2A6CDF-0561-484C-896D-C5F558FBDCF0}"
EndProject
Project("{8BC9CEB8-8B4A-11D0-8D11-00A0C91BC942}") = "lecture07-11", "lecture07-11\lecture07-11.vcxproj", "{E1F86095-BFB4-4E83-ADCA-D017A86878A3}"
EndProject
Project("{8BC9CEB8-8B4A-11D0-8D11-00A0C91BC942}") = "lecture08-01", "lecture08-01\lecture08-01.vcxproj", "{DF0934A2-935E-4A85-9431-DD6A72E6BA65}"
EndProject
Project("{8BC9CEB8-8B4A-11D0-8D11-00A0C91BC942}") = "lecture08-09", "lecture08-09\lecture08-09.vcxproj", "{FB1BE626-B162-4185-9FE4-60FEF5138BE7}"
EndProject
Project("{8BC9CEB8-8B4A-11D0-8D11-00A0C91BC942}") = "lecture09-01", "lecture09-01\lecture09-01.vcxproj", "{048AFA2D-AA13-4AC1-8A12-4E59EFA69B6F}"
EndProject
Project("{8BC9CEB8-8B4A-11D0-8D11-00A0C91BC942}") = "lecture09-04", "lecture09-04\lecture09-04.vcxproj", "{267C2470-711B-4263-AC8A-DF66A63EB139}"
EndProject
Project("{8BC9CEB8-8B4A-11D0-8D11-00A0C91BC942}") = "lecture09-06", "lecture09-06\lecture09-06.vcxproj", "{90C2A207-67A7-434E-95AE-C08DD9D7DEE0}"
EndProject
Project("{8BC9CEB8-8B4A-11D0-8D11-00A0C91BC942}") = "lecture09-09", "lecture09-09\lecture09-09.vcxproj", "{824939DA-6205-4756-9DEF-A955F4904F20}"
EndProject
Project("{8BC9CEB8-8B4A-11D0-8D11-00A0C91BC942}") = "lecture09-10", "lectur09-10\lectur09-10.vcxproj", "{348159B4-C422-4B5A-8AF9-C91F1266E23A}"
EndProject
Project("{8BC9CEB8-8B4A-11D0-8D11-00A0C91BC942}") = "lecture09-11", "lecture09-11\lecture09-11.vcxproj", "{EE3C0FFD-BC9C-466F-A812-91E361D0280F}"
EndProject
Project("{8BC9CEB8-8B4A-11D0-8D11-00A0C91BC942}") = "lecture09-13", "lecture09-13\lecture09-13.vcxproj", "{06C1CE09-98A1-468A-963E-071FEBD565A5}"
EndProject
Project("{8BC9CEB8-8B4A-11D0-8D11-00A0C91BC942}") = "lecture09-17", "lecture09-17\lecture09-17.vcxproj", "{3452E7BD-BE15-4384-AC6F-74F548A6B3AA}"
EndProject
Project("{8BC9CEB8-8B4A-11D0-8D11-00A0C91BC942}") = "lecture10-02", "lecture10-02\lecture10-02.vcxproj", "{DDE95E68-4C37-41E3-AD9F-F93C8674018A}"
EndProject
Project("{8BC9CEB8-8B4A-11D0-8D11-00A0C91BC942}") = "lecture10-03", "lecture10-03\lecture10-03.vcxproj", "{25995742-5208-404A-BC22-DF527534696C}"
EndProject
Project("{8BC9CEB8-8B4A-11D0-8D11-00A0C91BC942}") = "lecture10-04", "lecture10-04\lecture10-04.vcxproj", "{B98564D1-9AD6-44DB-A55F-D93DF444BB50}"
EndProject
Project("{8BC9CEB8-8B4A-11D0-8D11-00A0C91BC942}") = "lecture10-09", "lecture10-09\lecture10-09.vcxproj", "{E7458C40-1F38-4E6C-8411-B6526EC0AC1F}"
EndProject
Project("{8BC9CEB8-8B4A-11D0-8D11-00A0C91BC942}") = "lecture10-11", "lecture10-11\lecture10-11.vcxproj", "{98B5DFB5-D3A4-4752-B4CC-3B968BD3E723}"
EndProject
Project("{8BC9CEB8-8B4A-11D0-8D11-00A0C91BC942}") = "lecture10-14", "lectur10-14\lectur10-14.vcxproj", "{3D25FD87-D0A0-4C8B-BE5D-E55B55885042}"
EndProject
Global
	GlobalSection(SolutionConfigurationPlatforms) = preSolution
		Debug|x64 = Debug|x64
		Debug|x86 = Debug|x86
		Release|x64 = Release|x64
		Release|x86 = Release|x86
	EndGlobalSection
	GlobalSection(ProjectConfigurationPlatforms) = postSolution
		{AC041E48-26EF-4CCF-8894-37A863877E39}.Debug|x64.ActiveCfg = Debug|x64
		{AC041E48-26EF-4CCF-8894-37A863877E39}.Debug|x64.Build.0 = Debug|x64
		{AC041E48-26EF-4CCF-8894-37A863877E39}.Debug|x86.ActiveCfg = Debug|Win32
		{AC041E48-26EF-4CCF-8894-37A863877E39}.Debug|x86.Build.0 = Debug|Win32
		{AC041E48-26EF-4CCF-8894-37A863877E39}.Release|x64.ActiveCfg = Release|x64
		{AC041E48-26EF-4CCF-8894-37A863877E39}.Release|x64.Build.0 = Release|x64
		{AC041E48-26EF-4CCF-8894-37A863877E39}.Release|x86.ActiveCfg = Release|Win32
		{AC041E48-26EF-4CCF-8894-37A863877E39}.Release|x86.Build.0 = Release|Win32
		{09011613-0466-4217-A4F9-43EDBE46DF10}.Debug|x64.ActiveCfg = Debug|x64
		{09011613-0466-4217-A4F9-43EDBE46DF10}.Debug|x64.Build.0 = Debug|x64
		{09011613-0466-4217-A4F9-43EDBE46DF10}.Debug|x86.ActiveCfg = Debug|Win32
		{09011613-0466-4217-A4F9-43EDBE46DF10}.Debug|x86.Build.0 = Debug|Win32
		{09011613-0466-4217-A4F9-43EDBE46DF10}.Release|x64.ActiveCfg = Release|x64
		{09011613-0466-4217-A4F9-43EDBE46DF10}.Release|x64.Build.0 = Release|x64
		{09011613-0466-4217-A4F9-43EDBE46DF10}.Release|x86.ActiveCfg = Release|Win32
		{09011613-0466-4217-A4F9-43EDBE46DF10}.Release|x86.Build.0 = Release|Win32
		{42FF89E6-B22F-4EE8-A0AF-35CD55DB6342}.Debug|x64.ActiveCfg = Debug|x64
		{42FF89E6-B22F-4EE8-A0AF-35CD55DB6342}.Debug|x64.Build.0 = Debug|x64
		{42FF89E6-B22F-4EE8-A0AF-35CD55DB6342}.Debug|x86.ActiveCfg = Debug|Win32
		{42FF89E6-B22F-4EE8-A0AF-35CD55DB6342}.Debug|x86.Build.0 = Debug|Win32
		{42FF89E6-B22F-4EE8-A0AF-35CD55DB6342}.Release|x64.ActiveCfg = Release|x64
		{42FF89E6-B22F-4EE8-A0AF-35CD55DB6342}.Release|x64.Build.0 = Release|x64
		{42FF89E6-B22F-4EE8-A0AF-35CD55DB6342}.Release|x86.ActiveCfg = Release|Win32
		{42FF89E6-B22F-4EE8-A0AF-35CD55DB6342}.Release|x86.Build.0 = Release|Win32
		{925ACC6D-4F93-4AFE-AAF9-ADB5EEF42F7B}.Debug|x64.ActiveCfg = Debug|x64
		{925ACC6D-4F93-4AFE-AAF9-ADB5EEF42F7B}.Debug|x64.Build.0 = Debug|x64
		{925ACC6D-4F93-4AFE-AAF9-ADB5EEF42F7B}.Debug|x86.ActiveCfg = Debug|Win32
		{925ACC6D-4F93-4AFE-AAF9-ADB5EEF42F7B}.Debug|x86.Build.0 = Debug|Win32
		{925ACC6D-4F93-4AFE-AAF9-ADB5EEF42F7B}.Release|x64.ActiveCfg = Release|x64
		{925ACC6D-4F93-4AFE-AAF9-ADB5EEF42F7B}.Release|x64.Build.0 = Release|x64
		{925ACC6D-4F93-4AFE-AAF9-ADB5EEF42F7B}.Release|x86.ActiveCfg = Release|Win32
		{925ACC6D-4F93-4AFE-AAF9-ADB5EEF42F7B}.Release|x86.Build.0 = Release|Win32
		{B5565F5C-F9E5-4F57-898F-DA654ADAA86C}.Debug|x64.ActiveCfg = Debug|x64
		{B5565F5C-F9E5-4F57-898F-DA654ADAA86C}.Debug|x64.Build.0 = Debug|x64
		{B5565F5C-F9E5-4F57-898F-DA654ADAA86C}.Debug|x86.ActiveCfg = Debug|Win32
		{B5565F5C-F9E5-4F57-898F-DA654ADAA86C}.Debug|x86.Build.0 = Debug|Win32
		{B5565F5C-F9E5-4F57-898F-DA654ADAA86C}.Release|x64.ActiveCfg = Release|x64
		{B5565F5C-F9E5-4F57-898F-DA654ADAA86C}.Release|x64.Build.0 = Release|x64
		{B5565F5C-F9E5-4F57-898F-DA654ADAA86C}.Release|x86.ActiveCfg = Release|Win32
		{B5565F5C-F9E5-4F57-898F-DA654ADAA86C}.Release|x86.Build.0 = Release|Win32
		{598F8E98-3A1A-4C82-93CB-DF0716434D9C}.Debug|x64.ActiveCfg = Debug|x64
		{598F8E98-3A1A-4C82-93CB-DF0716434D9C}.Debug|x64.Build.0 = Debug|x64
		{598F8E98-3A1A-4C82-93CB-DF0716434D9C}.Debug|x86.ActiveCfg = Debug|Win32
		{598F8E98-3A1A-4C82-93CB-DF0716434D9C}.Debug|x86.Build.0 = Debug|Win32
		{598F8E98-3A1A-4C82-93CB-DF0716434D9C}.Release|x64.ActiveCfg = Release|x64
		{598F8E98-3A1A-4C82-93CB-DF0716434D9C}.Release|x64.Build.0 = Release|x64
		{598F8E98-3A1A-4C82-93CB-DF0716434D9C}.Release|x86.ActiveCfg = Release|Win32
		{598F8E98-3A1A-4C82-93CB-DF0716434D9C}.Release|x86.Build.0 = Release|Win32
		{14821774-F02B-4817-924A-ECBAED2A5437}.Debug|x64.ActiveCfg = Debug|x64
		{14821774-F02B-4817-924A-ECBAED2A5437}.Debug|x64.Build.0 = Debug|x64
		{14821774-F02B-4817-924A-ECBAED2A5437}.Debug|x86.ActiveCfg = Debug|Win32
		{14821774-F02B-4817-924A-ECBAED2A5437}.Debug|x86.Build.0 = Debug|Win32
		{14821774-F02B-4817-924A-ECBAED2A5437}.Release|x64.ActiveCfg = Release|x64
		{14821774-F02B-4817-924A-ECBAED2A5437}.Release|x64.Build.0 = Release|x64
		{14821774-F02B-4817-924A-ECBAED2A5437}.Release|x86.ActiveCfg = Release|Win32
		{14821774-F02B-4817-924A-ECBAED2A5437}.Release|x86.Build.0 = Release|Win32
		{EDB2557F-FD8C-4D1D-87FA-EF1ADA3D39A8}.Debug|x64.ActiveCfg = Debug|x64
		{EDB2557F-FD8C-4D1D-87FA-EF1ADA3D39A8}.Debug|x64.Build.0 = Debug|x64
		{EDB2557F-FD8C-4D1D-87FA-EF1ADA3D39A8}.Debug|x86.ActiveCfg = Debug|Win32
		{EDB2557F-FD8C-4D1D-87FA-EF1ADA3D39A8}.Debug|x86.Build.0 = Debug|Win32
		{EDB2557F-FD8C-4D1D-87FA-EF1ADA3D39A8}.Release|x64.ActiveCfg = Release|x64
		{EDB2557F-FD8C-4D1D-87FA-EF1ADA3D39A8}.Release|x64.Build.0 = Release|x64
		{EDB2557F-FD8C-4D1D-87FA-EF1ADA3D39A8}.Release|x86.ActiveCfg = Release|Win32
		{EDB2557F-FD8C-4D1D-87FA-EF1ADA3D39A8}.Release|x86.Build.0 = Release|Win32
		{C9BF379A-D9C5-4C41-8508-31EA559D76C0}.Debug|x64.ActiveCfg = Debug|x64
		{C9BF379A-D9C5-4C41-8508-31EA559D76C0}.Debug|x64.Build.0 = Debug|x64
		{C9BF379A-D9C5-4C41-8508-31EA559D76C0}.Debug|x86.ActiveCfg = Debug|Win32
		{C9BF379A-D9C5-4C41-8508-31EA559D76C0}.Debug|x86.Build.0 = Debug|Win32
		{C9BF379A-D9C5-4C41-8508-31EA559D76C0}.Release|x64.ActiveCfg = Release|x64
		{C9BF379A-D9C5-4C41-8508-31EA559D76C0}.Release|x64.Build.0 = Release|x64
		{C9BF379A-D9C5-4C41-8508-31EA559D76C0}.Release|x86.ActiveCfg = Release|Win32
		{C9BF379A-D9C5-4C41-8508-31EA559D76C0}.Release|x86.Build.0 = Release|Win32
		{70B02098-9B79-43EE-8E9C-52558DC719EF}.Debug|x64.ActiveCfg = Debug|x64
		{70B02098-9B79-43EE-8E9C-52558DC719EF}.Debug|x64.Build.0 = Debug|x64
		{70B02098-9B79-43EE-8E9C-52558DC719EF}.Debug|x86.ActiveCfg = Debug|Win32
		{70B02098-9B79-43EE-8E9C-52558DC719EF}.Debug|x86.Build.0 = Debug|Win32
		{70B02098-9B79-43EE-8E9C-52558DC719EF}.Release|x64.ActiveCfg = Release|x64
		{70B02098-9B79-43EE-8E9C-52558DC719EF}.Release|x64.Build.0 = Release|x64
		{70B02098-9B79-43EE-8E9C-52558DC719EF}.Release|x86.ActiveCfg = Release|Win32
		{70B02098-9B79-43EE-8E9C-52558DC719EF}.Release|x86.Build.0 = Release|Win32
		{F74DEE0E-F012-452C-9792-74067F6723CA}.Debug|x64.ActiveCfg = Debug|x64
		{F74DEE0E-F012-452C-9792-74067F6723CA}.Debug|x64.Build.0 = Debug|x64
		{F74DEE0E-F012-452C-9792-74067F6723CA}.Debug|x86.ActiveCfg = Debug|Win32
		{F74DEE0E-F012-452C-9792-74067F6723CA}.Debug|x86.Build.0 = Debug|Win32
		{F74DEE0E-F012-452C-9792-74067F6723CA}.Release|x64.ActiveCfg = Release|x64
		{F74DEE0E-F012-452C-9792-74067F6723CA}.Release|x64.Build.0 = Release|x64
		{F74DEE0E-F012-452C-9792-74067F6723CA}.Release|x86.ActiveCfg = Release|Win32
		{F74DEE0E-F012-452C-9792-74067F6723CA}.Release|x86.Build.0 = Release|Win32
		{A48B7A76-4A57-428F-BE55-0D7A66D91010}.Debug|x64.ActiveCfg = Debug|x64
		{A48B7A76-4A57-428F-BE55-0D7A66D91010}.Debug|x64.Build.0 = Debug|x64
		{A48B7A76-4A57-428F-BE55-0D7A66D91010}.Debug|x86.ActiveCfg = Debug|Win32
		{A48B7A76-4A57-428F-BE55-0D7A66D91010}.Debug|x86.Build.0 = Debug|Win32
		{A48B7A76-4A57-428F-BE55-0D7A66D91010}.Release|x64.ActiveCfg = Release|x64
		{A48B7A76-4A57-428F-BE55-0D7A66D91010}.Release|x64.Build.0 = Release|x64
		{A48B7A76-4A57-428F-BE55-0D7A66D91010}.Release|x86.ActiveCfg = Release|Win32
		{A48B7A76-4A57-428F-BE55-0D7A66D91010}.Release|x86.Build.0 = Release|Win32
		{9B76E5A5-4202-403A-9A80-95DBF8FD0AEE}.Debug|x64.ActiveCfg = Debug|x64
		{9B76E5A5-4202-403A-9A80-95DBF8FD0AEE}.Debug|x64.Build.0 = Debug|x64
		{9B76E5A5-4202-403A-9A80-95DBF8FD0AEE}.Debug|x86.ActiveCfg = Debug|Win32
		{9B76E5A5-4202-403A-9A80-95DBF8FD0AEE}.Debug|x86.Build.0 = Debug|Win32
		{9B76E5A5-4202-403A-9A80-95DBF8FD0AEE}.Release|x64.ActiveCfg = Release|x64
		{9B76E5A5-4202-403A-9A80-95DBF8FD0AEE}.Release|x64.Build.0 = Release|x64
		{9B76E5A5-4202-403A-9A80-95DBF8FD0AEE}.Release|x86.ActiveCfg = Release|Win32
		{9B76E5A5-4202-403A-9A80-95DBF8FD0AEE}.Release|x86.Build.0 = Release|Win32
		{3BB6DA70-ABE3-47DE-9B0D-0CE7F5D90B08}.Debug|x64.ActiveCfg = Debug|x64
		{3BB6DA70-ABE3-47DE-9B0D-0CE7F5D90B08}.Debug|x64.Build.0 = Debug|x64
		{3BB6DA70-ABE3-47DE-9B0D-0CE7F5D90B08}.Debug|x86.ActiveCfg = Debug|Win32
		{3BB6DA70-ABE3-47DE-9B0D-0CE7F5D90B08}.Debug|x86.Build.0 = Debug|Win32
		{3BB6DA70-ABE3-47DE-9B0D-0CE7F5D90B08}.Release|x64.ActiveCfg = Release|x64
		{3BB6DA70-ABE3-47DE-9B0D-0CE7F5D90B08}.Release|x64.Build.0 = Release|x64
		{3BB6DA70-ABE3-47DE-9B0D-0CE7F5D90B08}.Release|x86.ActiveCfg = Release|Win32
		{3BB6DA70-ABE3-47DE-9B0D-0CE7F5D90B08}.Release|x86.Build.0 = Release|Win32
		{B4A62C93-0BAE-48B9-9D10-85640CC29E5E}.Debug|x64.ActiveCfg = Debug|x64
		{B4A62C93-0BAE-48B9-9D10-85640CC29E5E}.Debug|x64.Build.0 = Debug|x64
		{B4A62C93-0BAE-48B9-9D10-85640CC29E5E}.Debug|x86.ActiveCfg = Debug|Win32
		{B4A62C93-0BAE-48B9-9D10-85640CC29E5E}.Debug|x86.Build.0 = Debug|Win32
		{B4A62C93-0BAE-48B9-9D10-85640CC29E5E}.Release|x64.ActiveCfg = Release|x64
		{B4A62C93-0BAE-48B9-9D10-85640CC29E5E}.Release|x64.Build.0 = Release|x64
		{B4A62C93-0BAE-48B9-9D10-85640CC29E5E}.Release|x86.ActiveCfg = Release|Win32
		{B4A62C93-0BAE-48B9-9D10-85640CC29E5E}.Release|x86.Build.0 = Release|Win32
		{571BCB75-D91D-483D-A8A6-32CE9B3C25D5}.Debug|x64.ActiveCfg = Debug|x64
		{571BCB75-D91D-483D-A8A6-32CE9B3C25D5}.Debug|x64.Build.0 = Debug|x64
		{571BCB75-D91D-483D-A8A6-32CE9B3C25D5}.Debug|x86.ActiveCfg = Debug|Win32
		{571BCB75-D91D-483D-A8A6-32CE9B3C25D5}.Debug|x86.Build.0 = Debug|Win32
		{571BCB75-D91D-483D-A8A6-32CE9B3C25D5}.Release|x64.ActiveCfg = Release|x64
		{571BCB75-D91D-483D-A8A6-32CE9B3C25D5}.Release|x64.Build.0 = Release|x64
		{571BCB75-D91D-483D-A8A6-32CE9B3C25D5}.Release|x86.ActiveCfg = Release|Win32
		{571BCB75-D91D-483D-A8A6-32CE9B3C25D5}.Release|x86.Build.0 = Release|Win32
		{DA92CA1A-9890-44D5-A29A-1220354F432C}.Debug|x64.ActiveCfg = Debug|x64
		{DA92CA1A-9890-44D5-A29A-1220354F432C}.Debug|x64.Build.0 = Debug|x64
		{DA92CA1A-9890-44D5-A29A-1220354F432C}.Debug|x86.ActiveCfg = Debug|Win32
		{DA92CA1A-9890-44D5-A29A-1220354F432C}.Debug|x86.Build.0 = Debug|Win32
		{DA92CA1A-9890-44D5-A29A-1220354F432C}.Release|x64.ActiveCfg = Release|x64
		{DA92CA1A-9890-44D5-A29A-1220354F432C}.Release|x64.Build.0 = Release|x64
		{DA92CA1A-9890-44D5-A29A-1220354F432C}.Release|x86.ActiveCfg = Release|Win32
		{DA92CA1A-9890-44D5-A29A-1220354F432C}.Release|x86.Build.0 = Release|Win32
		{C25B1AB0-728A-4FA6-BED9-435AB5A613D0}.Debug|x64.ActiveCfg = Debug|x64
		{C25B1AB0-728A-4FA6-BED9-435AB5A613D0}.Debug|x64.Build.0 = Debug|x64
		{C25B1AB0-728A-4FA6-BED9-435AB5A613D0}.Debug|x86.ActiveCfg = Debug|Win32
		{C25B1AB0-728A-4FA6-BED9-435AB5A613D0}.Debug|x86.Build.0 = Debug|Win32
		{C25B1AB0-728A-4FA6-BED9-435AB5A613D0}.Release|x64.ActiveCfg = Release|x64
		{C25B1AB0-728A-4FA6-BED9-435AB5A613D0}.Release|x64.Build.0 = Release|x64
		{C25B1AB0-728A-4FA6-BED9-435AB5A613D0}.Release|x86.ActiveCfg = Release|Win32
		{C25B1AB0-728A-4FA6-BED9-435AB5A613D0}.Release|x86.Build.0 = Release|Win32
		{F7331C69-6167-419F-9DB7-778C21B69E96}.Debug|x64.ActiveCfg = Debug|x64
		{F7331C69-6167-419F-9DB7-778C21B69E96}.Debug|x64.Build.0 = Debug|x64
		{F7331C69-6167-419F-9DB7-778C21B69E96}.Debug|x86.ActiveCfg = Debug|Win32
		{F7331C69-6167-419F-9DB7-778C21B69E96}.Debug|x86.Build.0 = Debug|Win32
		{F7331C69-6167-419F-9DB7-778C21B69E96}.Release|x64.ActiveCfg = Release|x64
		{F7331C69-6167-419F-9DB7-778C21B69E96}.Release|x64.Build.0 = Release|x64
		{F7331C69-6167-419F-9DB7-778C21B69E96}.Release|x86.ActiveCfg = Release|Win32
		{F7331C69-6167-419F-9DB7-778C21B69E96}.Release|x86.Build.0 = Release|Win32
		{1EAC7DEB-6926-4A48-A919-C3E8DF24D051}.Debug|x64.ActiveCfg = Debug|x64
		{1EAC7DEB-6926-4A48-A919-C3E8DF24D051}.Debug|x64.Build.0 = Debug|x64
		{1EAC7DEB-6926-4A48-A919-C3E8DF24D051}.Debug|x86.ActiveCfg = Debug|Win32
		{1EAC7DEB-6926-4A48-A919-C3E8DF24D051}.Debug|x86.Build.0 = Debug|Win32
		{1EAC7DEB-6926-4A48-A919-C3E8DF24D051}.Release|x64.ActiveCfg = Release|x64
		{1EAC7DEB-6926-4A48-A919-C3E8DF24D051}.Release|x64.Build.0 = Release|x64
		{1EAC7DEB-6926-4A48-A919-C3E8DF24D051}.Release|x86.ActiveCfg = Release|Win32
		{1EAC7DEB-6926-4A48-A919-C3E8DF24D051}.Release|x86.Build.0 = Release|Win32
		{72B6588D-22DE-4427-9A09-C7A25DD37A6E}.Debug|x64.ActiveCfg = Debug|x64
		{72B6588D-22DE-4427-9A09-C7A25DD37A6E}.Debug|x64.Build.0 = Debug|x64
		{72B6588D-22DE-4427-9A09-C7A25DD37A6E}.Debug|x86.ActiveCfg = Debug|Win32
		{72B6588D-22DE-4427-9A09-C7A25DD37A6E}.Debug|x86.Build.0 = Debug|Win32
		{72B6588D-22DE-4427-9A09-C7A25DD37A6E}.Release|x64.ActiveCfg = Release|x64
		{72B6588D-22DE-4427-9A09-C7A25DD37A6E}.Release|x64.Build.0 = Release|x64
		{72B6588D-22DE-4427-9A09-C7A25DD37A6E}.Release|x86.ActiveCfg = Release|Win32
		{72B6588D-22DE-4427-9A09-C7A25DD37A6E}.Release|x86.Build.0 = Release|Win32
		{4648DBA9-EC15-46AC-8939-21BCCA22F0FC}.Debug|x64.ActiveCfg = Debug|x64
		{4648DBA9-EC15-46AC-8939-21BCCA22F0FC}.Debug|x64.Build.0 = Debug|x64
		{4648DBA9-EC15-46AC-8939-21BCCA22F0FC}.Debug|x86.ActiveCfg = Debug|Win32
		{4648DBA9-EC15-46AC-8939-21BCCA22F0FC}.Debug|x86.Build.0 = Debug|Win32
		{4648DBA9-EC15-46AC-8939-21BCCA22F0FC}.Release|x64.ActiveCfg = Release|x64
		{4648DBA9-EC15-46AC-8939-21BCCA22F0FC}.Release|x64.Build.0 = Release|x64
		{4648DBA9-EC15-46AC-8939-21BCCA22F0FC}.Release|x86.ActiveCfg = Release|Win32
		{4648DBA9-EC15-46AC-8939-21BCCA22F0FC}.Release|x86.Build.0 = Release|Win32
		{7369EAA6-0D12-4240-9BBA-49F3B39B8DC6}.Debug|x64.ActiveCfg = Debug|x64
		{7369EAA6-0D12-4240-9BBA-49F3B39B8DC6}.Debug|x64.Build.0 = Debug|x64
		{7369EAA6-0D12-4240-9BBA-49F3B39B8DC6}.Debug|x86.ActiveCfg = Debug|Win32
		{7369EAA6-0D12-4240-9BBA-49F3B39B8DC6}.Debug|x86.Build.0 = Debug|Win32
		{7369EAA6-0D12-4240-9BBA-49F3B39B8DC6}.Release|x64.ActiveCfg = Release|x64
		{7369EAA6-0D12-4240-9BBA-49F3B39B8DC6}.Release|x64.Build.0 = Release|x64
		{7369EAA6-0D12-4240-9BBA-49F3B39B8DC6}.Release|x86.ActiveCfg = Release|Win32
		{7369EAA6-0D12-4240-9BBA-49F3B39B8DC6}.Release|x86.Build.0 = Release|Win32
		{DA923AC8-73B7-43E7-912C-D1D4CAAC1213}.Debug|x64.ActiveCfg = Debug|x64
		{DA923AC8-73B7-43E7-912C-D1D4CAAC1213}.Debug|x64.Build.0 = Debug|x64
		{DA923AC8-73B7-43E7-912C-D1D4CAAC1213}.Debug|x86.ActiveCfg = Debug|Win32
		{DA923AC8-73B7-43E7-912C-D1D4CAAC1213}.Debug|x86.Build.0 = Debug|Win32
		{DA923AC8-73B7-43E7-912C-D1D4CAAC1213}.Release|x64.ActiveCfg = Release|x64
		{DA923AC8-73B7-43E7-912C-D1D4CAAC1213}.Release|x64.Build.0 = Release|x64
		{DA923AC8-73B7-43E7-912C-D1D4CAAC1213}.Release|x86.ActiveCfg = Release|Win32
		{DA923AC8-73B7-43E7-912C-D1D4CAAC1213}.Release|x86.Build.0 = Release|Win32
		{AB8A9856-9422-48A5-B051-338E51D2FEF5}.Debug|x64.ActiveCfg = Debug|x64
		{AB8A9856-9422-48A5-B051-338E51D2FEF5}.Debug|x64.Build.0 = Debug|x64
		{AB8A9856-9422-48A5-B051-338E51D2FEF5}.Debug|x86.ActiveCfg = Debug|Win32
		{AB8A9856-9422-48A5-B051-338E51D2FEF5}.Debug|x86.Build.0 = Debug|Win32
		{AB8A9856-9422-48A5-B051-338E51D2FEF5}.Release|x64.ActiveCfg = Release|x64
		{AB8A9856-9422-48A5-B051-338E51D2FEF5}.Release|x64.Build.0 = Release|x64
		{AB8A9856-9422-48A5-B051-338E51D2FEF5}.Release|x86.ActiveCfg = Release|Win32
		{AB8A9856-9422-48A5-B051-338E51D2FEF5}.Release|x86.Build.0 = Release|Win32
		{F0BE4958-815D-4834-B23A-A94440DD2A35}.Debug|x64.ActiveCfg = Debug|x64
		{F0BE4958-815D-4834-B23A-A94440DD2A35}.Debug|x64.Build.0 = Debug|x64
		{F0BE4958-815D-4834-B23A-A94440DD2A35}.Debug|x86.ActiveCfg = Debug|Win32
		{F0BE4958-815D-4834-B23A-A94440DD2A35}.Debug|x86.Build.0 = Debug|Win32
		{F0BE4958-815D-4834-B23A-A94440DD2A35}.Release|x64.ActiveCfg = Release|x64
		{F0BE4958-815D-4834-B23A-A94440DD2A35}.Release|x64.Build.0 = Release|x64
		{F0BE4958-815D-4834-B23A-A94440DD2A35}.Release|x86.ActiveCfg = Release|Win32
		{F0BE4958-815D-4834-B23A-A94440DD2A35}.Release|x86.Build.0 = Release|Win32
		{34CEF65E-3403-4E2E-AF50-E632F290CBB2}.Debug|x64.ActiveCfg = Debug|x64
		{34CEF65E-3403-4E2E-AF50-E632F290CBB2}.Debug|x64.Build.0 = Debug|x64
		{34CEF65E-3403-4E2E-AF50-E632F290CBB2}.Debug|x86.ActiveCfg = Debug|Win32
		{34CEF65E-3403-4E2E-AF50-E632F290CBB2}.Debug|x86.Build.0 = Debug|Win32
		{34CEF65E-3403-4E2E-AF50-E632F290CBB2}.Release|x64.ActiveCfg = Release|x64
		{34CEF65E-3403-4E2E-AF50-E632F290CBB2}.Release|x64.Build.0 = Release|x64
		{34CEF65E-3403-4E2E-AF50-E632F290CBB2}.Release|x86.ActiveCfg = Release|Win32
		{34CEF65E-3403-4E2E-AF50-E632F290CBB2}.Release|x86.Build.0 = Release|Win32
		{AC4D4873-429F-4C7E-A349-76D484134F23}.Debug|x64.ActiveCfg = Debug|x64
		{AC4D4873-429F-4C7E-A349-76D484134F23}.Debug|x64.Build.0 = Debug|x64
		{AC4D4873-429F-4C7E-A349-76D484134F23}.Debug|x86.ActiveCfg = Debug|Win32
		{AC4D4873-429F-4C7E-A349-76D484134F23}.Debug|x86.Build.0 = Debug|Win32
		{AC4D4873-429F-4C7E-A349-76D484134F23}.Release|x64.ActiveCfg = Release|x64
		{AC4D4873-429F-4C7E-A349-76D484134F23}.Release|x64.Build.0 = Release|x64
		{AC4D4873-429F-4C7E-A349-76D484134F23}.Release|x86.ActiveCfg = Release|Win32
		{AC4D4873-429F-4C7E-A349-76D484134F23}.Release|x86.Build.0 = Release|Win32
		{A80729C8-0504-4780-A07C-C3B4EFAE988A}.Debug|x64.ActiveCfg = Debug|x64
		{A80729C8-0504-4780-A07C-C3B4EFAE988A}.Debug|x64.Build.0 = Debug|x64
		{A80729C8-0504-4780-A07C-C3B4EFAE988A}.Debug|x86.ActiveCfg = Debug|Win32
		{A80729C8-0504-4780-A07C-C3B4EFAE988A}.Debug|x86.Build.0 = Debug|Win32
		{A80729C8-0504-4780-A07C-C3B4EFAE988A}.Release|x64.ActiveCfg = Release|x64
		{A80729C8-0504-4780-A07C-C3B4EFAE988A}.Release|x64.Build.0 = Release|x64
		{A80729C8-0504-4780-A07C-C3B4EFAE988A}.Release|x86.ActiveCfg = Release|Win32
		{A80729C8-0504-4780-A07C-C3B4EFAE988A}.Release|x86.Build.0 = Release|Win32
		{F1320216-12D1-4F74-801C-2522F4883721}.Debug|x64.ActiveCfg = Debug|x64
		{F1320216-12D1-4F74-801C-2522F4883721}.Debug|x64.Build.0 = Debug|x64
		{F1320216-12D1-4F74-801C-2522F4883721}.Debug|x86.ActiveCfg = Debug|Win32
		{F1320216-12D1-4F74-801C-2522F4883721}.Debug|x86.Build.0 = Debug|Win32
		{F1320216-12D1-4F74-801C-2522F4883721}.Release|x64.ActiveCfg = Release|x64
		{F1320216-12D1-4F74-801C-2522F4883721}.Release|x64.Build.0 = Release|x64
		{F1320216-12D1-4F74-801C-2522F4883721}.Release|x86.ActiveCfg = Release|Win32
		{F1320216-12D1-4F74-801C-2522F4883721}.Release|x86.Build.0 = Release|Win32
		{87195267-66F6-4B23-AFC2-D43F0B1ECEEF}.Debug|x64.ActiveCfg = Debug|x64
		{87195267-66F6-4B23-AFC2-D43F0B1ECEEF}.Debug|x64.Build.0 = Debug|x64
		{87195267-66F6-4B23-AFC2-D43F0B1ECEEF}.Debug|x86.ActiveCfg = Debug|Win32
		{87195267-66F6-4B23-AFC2-D43F0B1ECEEF}.Debug|x86.Build.0 = Debug|Win32
		{87195267-66F6-4B23-AFC2-D43F0B1ECEEF}.Release|x64.ActiveCfg = Release|x64
		{87195267-66F6-4B23-AFC2-D43F0B1ECEEF}.Release|x64.Build.0 = Release|x64
		{87195267-66F6-4B23-AFC2-D43F0B1ECEEF}.Release|x86.ActiveCfg = Release|Win32
		{87195267-66F6-4B23-AFC2-D43F0B1ECEEF}.Release|x86.Build.0 = Release|Win32
		{64AFA8C1-B6F1-47E5-9E37-0490DAE74735}.Debug|x64.ActiveCfg = Debug|x64
		{64AFA8C1-B6F1-47E5-9E37-0490DAE74735}.Debug|x64.Build.0 = Debug|x64
		{64AFA8C1-B6F1-47E5-9E37-0490DAE74735}.Debug|x86.ActiveCfg = Debug|Win32
		{64AFA8C1-B6F1-47E5-9E37-0490DAE74735}.Debug|x86.Build.0 = Debug|Win32
		{64AFA8C1-B6F1-47E5-9E37-0490DAE74735}.Release|x64.ActiveCfg = Release|x64
		{64AFA8C1-B6F1-47E5-9E37-0490DAE74735}.Release|x64.Build.0 = Release|x64
		{64AFA8C1-B6F1-47E5-9E37-0490DAE74735}.Release|x86.ActiveCfg = Release|Win32
		{64AFA8C1-B6F1-47E5-9E37-0490DAE74735}.Release|x86.Build.0 = Release|Win32
		{6050058F-4519-41AA-B641-6BB7FB372A3A}.Debug|x64.ActiveCfg = Debug|x64
		{6050058F-4519-41AA-B641-6BB7FB372A3A}.Debug|x64.Build.0 = Debug|x64
		{6050058F-4519-41AA-B641-6BB7FB372A3A}.Debug|x86.ActiveCfg = Debug|Win32
		{6050058F-4519-41AA-B641-6BB7FB372A3A}.Debug|x86.Build.0 = Debug|Win32
		{6050058F-4519-41AA-B641-6BB7FB372A3A}.Release|x64.ActiveCfg = Release|x64
		{6050058F-4519-41AA-B641-6BB7FB372A3A}.Release|x64.Build.0 = Release|x64
		{6050058F-4519-41AA-B641-6BB7FB372A3A}.Release|x86.ActiveCfg = Release|Win32
		{6050058F-4519-41AA-B641-6BB7FB372A3A}.Release|x86.Build.0 = Release|Win32
		{FE2A6CDF-0561-484C-896D-C5F558FBDCF0}.Debug|x64.ActiveCfg = Debug|x64
		{FE2A6CDF-0561-484C-896D-C5F558FBDCF0}.Debug|x64.Build.0 = Debug|x64
		{FE2A6CDF-0561-484C-896D-C5F558FBDCF0}.Debug|x86.ActiveCfg = Debug|Win32
		{FE2A6CDF-0561-484C-896D-C5F558FBDCF0}.Debug|x86.Build.0 = Debug|Win32
		{FE2A6CDF-0561-484C-896D-C5F558FBDCF0}.Release|x64.ActiveCfg = Release|x64
		{FE2A6CDF-0561-484C-896D-C5F558FBDCF0}.Release|x64.Build.0 = Release|x64
		{FE2A6CDF-0561-484C-896D-C5F558FBDCF0}.Release|x86.ActiveCfg = Release|Win32
		{FE2A6CDF-0561-484C-896D-C5F558FBDCF0}.Release|x86.Build.0 = Release|Win32
		{E1F86095-BFB4-4E83-ADCA-D017A86878A3}.Debug|x64.ActiveCfg = Debug|x64
		{E1F86095-BFB4-4E83-ADCA-D017A86878A3}.Debug|x64.Build.0 = Debug|x64
		{E1F86095-BFB4-4E83-ADCA-D017A86878A3}.Debug|x86.ActiveCfg = Debug|Win32
		{E1F86095-BFB4-4E83-ADCA-D017A86878A3}.Debug|x86.Build.0 = Debug|Win32
		{E1F86095-BFB4-4E83-ADCA-D017A86878A3}.Release|x64.ActiveCfg = Release|x64
		{E1F86095-BFB4-4E83-ADCA-D017A86878A3}.Release|x64.Build.0 = Release|x64
		{E1F86095-BFB4-4E83-ADCA-D017A86878A3}.Release|x86.ActiveCfg = Release|Win32
		{E1F86095-BFB4-4E83-ADCA-D017A86878A3}.Release|x86.Build.0 = Release|Win32
		{DF0934A2-935E-4A85-9431-DD6A72E6BA65}.Debug|x64.ActiveCfg = Debug|x64
		{DF0934A2-935E-4A85-9431-DD6A72E6BA65}.Debug|x64.Build.0 = Debug|x64
		{DF0934A2-935E-4A85-9431-DD6A72E6BA65}.Debug|x86.ActiveCfg = Debug|Win32
		{DF0934A2-935E-4A85-9431-DD6A72E6BA65}.Debug|x86.Build.0 = Debug|Win32
		{DF0934A2-935E-4A85-9431-DD6A72E6BA65}.Release|x64.ActiveCfg = Release|x64
		{DF0934A2-935E-4A85-9431-DD6A72E6BA65}.Release|x64.Build.0 = Release|x64
		{DF0934A2-935E-4A85-9431-DD6A72E6BA65}.Release|x86.ActiveCfg = Release|Win32
		{DF0934A2-935E-4A85-9431-DD6A72E6BA65}.Release|x86.Build.0 = Release|Win32
		{FB1BE626-B162-4185-9FE4-60FEF5138BE7}.Debug|x64.ActiveCfg = Debug|x64
		{FB1BE626-B162-4185-9FE4-60FEF5138BE7}.Debug|x64.Build.0 = Debug|x64
		{FB1BE626-B162-4185-9FE4-60FEF5138BE7}.Debug|x86.ActiveCfg = Debug|Win32
		{FB1BE626-B162-4185-9FE4-60FEF5138BE7}.Debug|x86.Build.0 = Debug|Win32
		{FB1BE626-B162-4185-9FE4-60FEF5138BE7}.Release|x64.ActiveCfg = Release|x64
		{FB1BE626-B162-4185-9FE4-60FEF5138BE7}.Release|x64.Build.0 = Release|x64
		{FB1BE626-B162-4185-9FE4-60FEF5138BE7}.Release|x86.ActiveCfg = Release|Win32
		{FB1BE626-B162-4185-9FE4-60FEF5138BE7}.Release|x86.Build.0 = Release|Win32
		{048AFA2D-AA13-4AC1-8A12-4E59EFA69B6F}.Debug|x64.ActiveCfg = Debug|x64
		{048AFA2D-AA13-4AC1-8A12-4E59EFA69B6F}.Debug|x64.Build.0 = Debug|x64
		{048AFA2D-AA13-4AC1-8A12-4E59EFA69B6F}.Debug|x86.ActiveCfg = Debug|Win32
		{048AFA2D-AA13-4AC1-8A12-4E59EFA69B6F}.Debug|x86.Build.0 = Debug|Win32
		{048AFA2D-AA13-4AC1-8A12-4E59EFA69B6F}.Release|x64.ActiveCfg = Release|x64
		{048AFA2D-AA13-4AC1-8A12-4E59EFA69B6F}.Release|x64.Build.0 = Release|x64
		{048AFA2D-AA13-4AC1-8A12-4E59EFA69B6F}.Release|x86.ActiveCfg = Release|Win32
		{048AFA2D-AA13-4AC1-8A12-4E59EFA69B6F}.Release|x86.Build.0 = Release|Win32
		{267C2470-711B-4263-AC8A-DF66A63EB139}.Debug|x64.ActiveCfg = Debug|x64
		{267C2470-711B-4263-AC8A-DF66A63EB139}.Debug|x64.Build.0 = Debug|x64
		{267C2470-711B-4263-AC8A-DF66A63EB139}.Debug|x86.ActiveCfg = Debug|Win32
		{267C2470-711B-4263-AC8A-DF66A63EB139}.Debug|x86.Build.0 = Debug|Win32
		{267C2470-711B-4263-AC8A-DF66A63EB139}.Release|x64.ActiveCfg = Release|x64
		{267C2470-711B-4263-AC8A-DF66A63EB139}.Release|x64.Build.0 = Release|x64
		{267C2470-711B-4263-AC8A-DF66A63EB139}.Release|x86.ActiveCfg = Release|Win32
		{267C2470-711B-4263-AC8A-DF66A63EB139}.Release|x86.Build.0 = Release|Win32
		{90C2A207-67A7-434E-95AE-C08DD9D7DEE0}.Debug|x64.ActiveCfg = Debug|x64
		{90C2A207-67A7-434E-95AE-C08DD9D7DEE0}.Debug|x64.Build.0 = Debug|x64
		{90C2A207-67A7-434E-95AE-C08DD9D7DEE0}.Debug|x86.ActiveCfg = Debug|Win32
		{90C2A207-67A7-434E-95AE-C08DD9D7DEE0}.Debug|x86.Build.0 = Debug|Win32
		{90C2A207-67A7-434E-95AE-C08DD9D7DEE0}.Release|x64.ActiveCfg = Release|x64
		{90C2A207-67A7-434E-95AE-C08DD9D7DEE0}.Release|x64.Build.0 = Release|x64
		{90C2A207-67A7-434E-95AE-C08DD9D7DEE0}.Release|x86.ActiveCfg = Release|Win32
		{90C2A207-67A7-434E-95AE-C08DD9D7DEE0}.Release|x86.Build.0 = Release|Win32
		{824939DA-6205-4756-9DEF-A955F4904F20}.Debug|x64.ActiveCfg = Debug|x64
		{824939DA-6205-4756-9DEF-A955F4904F20}.Debug|x64.Build.0 = Debug|x64
		{824939DA-6205-4756-9DEF-A955F4904F20}.Debug|x86.ActiveCfg = Debug|Win32
		{824939DA-6205-4756-9DEF-A955F4904F20}.Debug|x86.Build.0 = Debug|Win32
		{824939DA-6205-4756-9DEF-A955F4904F20}.Release|x64.ActiveCfg = Release|x64
		{824939DA-6205-4756-9DEF-A955F4904F20}.Release|x64.Build.0 = Release|x64
		{824939DA-6205-4756-9DEF-A955F4904F20}.Release|x86.ActiveCfg = Release|Win32
		{824939DA-6205-4756-9DEF-A955F4904F20}.Release|x86.Build.0 = Release|Win32
		{348159B4-C422-4B5A-8AF9-C91F1266E23A}.Debug|x64.ActiveCfg = Debug|x64
		{348159B4-C422-4B5A-8AF9-C91F1266E23A}.Debug|x64.Build.0 = Debug|x64
		{348159B4-C422-4B5A-8AF9-C91F1266E23A}.Debug|x86.ActiveCfg = Debug|Win32
		{348159B4-C422-4B5A-8AF9-C91F1266E23A}.Debug|x86.Build.0 = Debug|Win32
		{348159B4-C422-4B5A-8AF9-C91F1266E23A}.Release|x64.ActiveCfg = Release|x64
		{348159B4-C422-4B5A-8AF9-C91F1266E23A}.Release|x64.Build.0 = Release|x64
		{348159B4-C422-4B5A-8AF9-C91F1266E23A}.Release|x86.ActiveCfg = Release|Win32
		{348159B4-C422-4B5A-8AF9-C91F1266E23A}.Release|x86.Build.0 = Release|Win32
		{EE3C0FFD-BC9C-466F-A812-91E361D0280F}.Debug|x64.ActiveCfg = Debug|x64
		{EE3C0FFD-BC9C-466F-A812-91E361D0280F}.Debug|x64.Build.0 = Debug|x64
		{EE3C0FFD-BC9C-466F-A812-91E361D0280F}.Debug|x86.ActiveCfg = Debug|Win32
		{EE3C0FFD-BC9C-466F-A812-91E361D0280F}.Debug|x86.Build.0 = Debug|Win32
		{EE3C0FFD-BC9C-466F-A812-91E361D0280F}.Release|x64.ActiveCfg = Release|x64
		{EE3C0FFD-BC9C-466F-A812-91E361D0280F}.Release|x64.Build.0 = Release|x64
		{EE3C0FFD-BC9C-466F-A812-91E361D0280F}.Release|x86.ActiveCfg = Release|Win32
		{EE3C0FFD-BC9C-466F-A812-91E361D0280F}.Release|x86.Build.0 = Release|Win32
		{06C1CE09-98A1-468A-963E-071FEBD565A5}.Debug|x64.ActiveCfg = Debug|x64
		{06C1CE09-98A1-468A-963E-071FEBD565A5}.Debug|x64.Build.0 = Debug|x64
		{06C1CE09-98A1-468A-963E-071FEBD565A5}.Debug|x86.ActiveCfg = Debug|Win32
		{06C1CE09-98A1-468A-963E-071FEBD565A5}.Debug|x86.Build.0 = Debug|Win32
		{06C1CE09-98A1-468A-963E-071FEBD565A5}.Release|x64.ActiveCfg = Release|x64
		{06C1CE09-98A1-468A-963E-071FEBD565A5}.Release|x64.Build.0 = Release|x64
		{06C1CE09-98A1-468A-963E-071FEBD565A5}.Release|x86.ActiveCfg = Release|Win32
		{06C1CE09-98A1-468A-963E-071FEBD565A5}.Release|x86.Build.0 = Release|Win32
		{3452E7BD-BE15-4384-AC6F-74F548A6B3AA}.Debug|x64.ActiveCfg = Debug|x64
		{3452E7BD-BE15-4384-AC6F-74F548A6B3AA}.Debug|x64.Build.0 = Debug|x64
		{3452E7BD-BE15-4384-AC6F-74F548A6B3AA}.Debug|x86.ActiveCfg = Debug|Win32
		{3452E7BD-BE15-4384-AC6F-74F548A6B3AA}.Debug|x86.Build.0 = Debug|Win32
		{3452E7BD-BE15-4384-AC6F-74F548A6B3AA}.Release|x64.ActiveCfg = Release|x64
		{3452E7BD-BE15-4384-AC6F-74F548A6B3AA}.Release|x64.Build.0 = Release|x64
		{3452E7BD-BE15-4384-AC6F-74F548A6B3AA}.Release|x86.ActiveCfg = Release|Win32
		{3452E7BD-BE15-4384-AC6F-74F548A6B3AA}.Release|x86.Build.0 = Release|Win32
		{DDE95E68-4C37-41E3-AD9F-F93C8674018A}.Debug|x64.ActiveCfg = Debug|x64
		{DDE95E68-4C37-41E3-AD9F-F93C8674018A}.Debug|x64.Build.0 = Debug|x64
		{DDE95E68-4C37-41E3-AD9F-F93C8674018A}.Debug|x86.ActiveCfg = Debug|Win32
		{DDE95E68-4C37-41E3-AD9F-F93C8674018A}.Debug|x86.Build.0 = Debug|Win32
		{DDE95E68-4C37-41E3-AD9F-F93C8674018A}.Release|x64.ActiveCfg = Release|x64
		{DDE95E68-4C37-41E3-AD9F-F93C8674018A}.Release|x64.Build.0 = Release|x64
		{DDE95E68-4C37-41E3-AD9F-F93C8674018A}.Release|x86.ActiveCfg = Release|Win32
		{DDE95E68-4C37-41E3-AD9F-F93C8674018A}.Release|x86.Build.0 = Release|Win32
		{25995742-5208-404A-BC22-DF527534696C}.Debug|x64.ActiveCfg = Debug|x64
		{25995742-5208-404A-BC22-DF527534696C}.Debug|x64.Build.0 = Debug|x64
		{25995742-5208-404A-BC22-DF527534696C}.Debug|x86.ActiveCfg = Debug|Win32
		{25995742-5208-404A-BC22-DF527534696C}.Debug|x86.Build.0 = Debug|Win32
		{25995742-5208-404A-BC22-DF527534696C}.Release|x64.ActiveCfg = Release|x64
		{25995742-5208-404A-BC22-DF527534696C}.Release|x64.Build.0 = Release|x64
		{25995742-5208-404A-BC22-DF527534696C}.Release|x86.ActiveCfg = Release|Win32
		{25995742-5208-404A-BC22-DF527534696C}.Release|x86.Build.0 = Release|Win32
		{B98564D1-9AD6-44DB-A55F-D93DF444BB50}.Debug|x64.ActiveCfg = Debug|x64
		{B98564D1-9AD6-44DB-A55F-D93DF444BB50}.Debug|x64.Build.0 = Debug|x64
		{B98564D1-9AD6-44DB-A55F-D93DF444BB50}.Debug|x86.ActiveCfg = Debug|Win32
		{B98564D1-9AD6-44DB-A55F-D93DF444BB50}.Debug|x86.Build.0 = Debug|Win32
		{B98564D1-9AD6-44DB-A55F-D93DF444BB50}.Release|x64.ActiveCfg = Release|x64
		{B98564D1-9AD6-44DB-A55F-D93DF444BB50}.Release|x64.Build.0 = Release|x64
		{B98564D1-9AD6-44DB-A55F-D93DF444BB50}.Release|x86.ActiveCfg = Release|Win32
		{B98564D1-9AD6-44DB-A55F-D93DF444BB50}.Release|x86.Build.0 = Release|Win32
		{E7458C40-1F38-4E6C-8411-B6526EC0AC1F}.Debug|x64.ActiveCfg = Debug|x64
		{E7458C40-1F38-4E6C-8411-B6526EC0AC1F}.Debug|x64.Build.0 = Debug|x64
		{E7458C40-1F38-4E6C-8411-B6526EC0AC1F}.Debug|x86.ActiveCfg = Debug|Win32
		{E7458C40-1F38-4E6C-8411-B6526EC0AC1F}.Debug|x86.Build.0 = Debug|Win32
		{E7458C40-1F38-4E6C-8411-B6526EC0AC1F}.Release|x64.ActiveCfg = Release|x64
		{E7458C40-1F38-4E6C-8411-B6526EC0AC1F}.Release|x64.Build.0 = Release|x64
		{E7458C40-1F38-4E6C-8411-B6526EC0AC1F}.Release|x86.ActiveCfg = Release|Win32
		{E7458C40-1F38-4E6C-8411-B6526EC0AC1F}.Release|x86.Build.0 = Release|Win32
		{98B5DFB5-D3A4-4752-B4CC-3B968BD3E723}.Debug|x64.ActiveCfg = Debug|x64
		{98B5DFB5-D3A4-4752-B4CC-3B968BD3E723}.Debug|x64.Build.0 = Debug|x64
		{98B5DFB5-D3A4-4752-B4CC-3B968BD3E723}.Debug|x86.ActiveCfg = Debug|Win32
		{98B5DFB5-D3A4-4752-B4CC-3B968BD3E723}.Debug|x86.Build.0 = Debug|Win32
		{98B5DFB5-D3A4-4752-B4CC-3B968BD3E723}.Release|x64.ActiveCfg = Release|x64
		{98B5DFB5-D3A4-4752-B4CC-3B968BD3E723}.Release|x64.Build.0 = Release|x64
		{98B5DFB5-D3A4-4752-B4CC-3B968BD3E723}.Release|x86.ActiveCfg = Release|Win32
		{98B5DFB5-D3A4-4752-B4CC-3B968BD3E723}.Release|x86.Build.0 = Release|Win32
		{3D25FD87-D0A0-4C8B-BE5D-E55B55885042}.Debug|x64.ActiveCfg = Debug|x64
		{3D25FD87-D0A0-4C8B-BE5D-E55B55885042}.Debug|x64.Build.0 = Debug|x64
		{3D25FD87-D0A0-4C8B-BE5D-E55B55885042}.Debug|x86.ActiveCfg = Debug|Win32
		{3D25FD87-D0A0-4C8B-BE5D-E55B55885042}.Debug|x86.Build.0 = Debug|Win32
		{3D25FD87-D0A0-4C8B-BE5D-E55B55885042}.Release|x64.ActiveCfg = Release|x64
		{3D25FD87-D0A0-4C8B-BE5D-E55B55885042}.Release|x64.Build.0 = Release|x64
		{3D25FD87-D0A0-4C8B-BE5D-E55B55885042}.Release|x86.ActiveCfg = Release|Win32
		{3D25FD87-D0A0-4C8B-BE5D-E55B55885042}.Release|x86.Build.0 = Release|Win32
	EndGlobalSection
	GlobalSection(SolutionProperties) = preSolution
		HideSolutionNode = FALSE
	EndGlobalSection
	GlobalSection(ExtensibilityGlobals) = postSolution
		SolutionGuid = {3D3B35DA-2764-40E7-88DC-89DFB6162D4C}
	EndGlobalSection
EndGlobal
